
Microsoft Visual Studio Solution File, Format Version 11.00
# Visual Studio 2010
Project("{E24C65DC-7377-472B-9ABA-BC803B73C61A}") = "Argix10.AgentLineHaul.Services", "Argix10.AgentLineHaul\Argix10.AgentLineHaul.Services", "{13420DD2-B13B-4D0C-868B-816AB417EC9A}"
	ProjectSection(WebsiteProperties) = preProject
		SccProjectName = "SAK"
		SccAuxPath = "SAK"
		SccLocalPath = "SAK"
		SccProvider = "SAK"
		TargetFrameworkMoniker = ".NETFramework,Version%3Dv4.0"
		Debug.AspNetCompiler.VirtualPath = "/Argix10.AgentLineHaul.Services"
		Debug.AspNetCompiler.PhysicalPath = "Argix10.AgentLineHaul\Argix10.AgentLineHaul.Services\"
		Debug.AspNetCompiler.TargetPath = "PrecompiledWeb\Argix10.AgentLineHaul.Services\"
		Debug.AspNetCompiler.Updateable = "true"
		Debug.AspNetCompiler.ForceOverwrite = "true"
		Debug.AspNetCompiler.FixedNames = "false"
		Debug.AspNetCompiler.Debug = "True"
		Release.AspNetCompiler.VirtualPath = "/Argix10.AgentLineHaul.Services"
		Release.AspNetCompiler.PhysicalPath = "Argix10.AgentLineHaul\Argix10.AgentLineHaul.Services\"
		Release.AspNetCompiler.TargetPath = "PrecompiledWeb\Argix10.AgentLineHaul.Services\"
		Release.AspNetCompiler.Updateable = "true"
		Release.AspNetCompiler.ForceOverwrite = "true"
		Release.AspNetCompiler.FixedNames = "false"
		Release.AspNetCompiler.Debug = "False"
		VWDPort = "55732"
	EndProjectSection
EndProject
Project("{2150E333-8FDC-42A3-9474-1A3956D46DE8}") = "Argix10.AgentLineHaul.Docs", "Argix10.AgentLineHaul.Docs", "{36E533B3-969C-4B49-8016-A78981203CCA}"
	ProjectSection(SolutionItems) = preProject
		Argix10.AgentLineHaul\Argix10.AgentLineHaul.Docs\ISD Export Architecture.docx = Argix10.AgentLineHaul\Argix10.AgentLineHaul.Docs\ISD Export Architecture.docx
		Argix10.AgentLineHaul\Argix10.AgentLineHaul.Docs\ISD Export Models.vsdx = Argix10.AgentLineHaul\Argix10.AgentLineHaul.Docs\ISD Export Models.vsdx
		Argix10.AgentLineHaul\Argix10.AgentLineHaul.Docs\Ship Schedule Architecture.docx = Argix10.AgentLineHaul\Argix10.AgentLineHaul.Docs\Ship Schedule Architecture.docx
		Argix10.AgentLineHaul\Argix10.AgentLineHaul.Docs\Ship Schedule Models.vsdx = Argix10.AgentLineHaul\Argix10.AgentLineHaul.Docs\Ship Schedule Models.vsdx
	EndProjectSection
EndProject
Project("{FAE04EC0-301F-11D3-BF4B-00C04F79EFBC}") = "Argix10.ISDExport.Win", "Argix10.AgentLineHaul\Argix10.ISDExport.Win\Argix10.ISDExport.Win.csproj", "{9A8960C6-A3D4-40D0-A3EE-679DD41C808F}"
	ProjectSection(ProjectDependencies) = postProject
		{13420DD2-B13B-4D0C-868B-816AB417EC9A} = {13420DD2-B13B-4D0C-868B-816AB417EC9A}
	EndProjectSection
EndProject
Project("{FAE04EC0-301F-11D3-BF4B-00C04F79EFBC}") = "Argix10.ShipSchedule.Win", "Argix10.AgentLineHaul\Argix10.ShipSchedule.Win\Argix10.ShipSchedule.Win.csproj", "{7C52BCF9-9039-4584-A72E-AF6087B300E5}"
	ProjectSection(ProjectDependencies) = postProject
		{13420DD2-B13B-4D0C-868B-816AB417EC9A} = {13420DD2-B13B-4D0C-868B-816AB417EC9A}
	EndProjectSection
EndProject
Project("{FAE04EC0-301F-11D3-BF4B-00C04F79EFBC}") = "Argix10.ShipScheduleTemplates.Win", "Argix10.AgentLineHaul\Argix10.ShipScheduleTemplates.Win\Argix10.ShipScheduleTemplates.Win.csproj", "{AC3AF181-4185-405E-8D65-6C20473BC3AE}"
	ProjectSection(ProjectDependencies) = postProject
		{13420DD2-B13B-4D0C-868B-816AB417EC9A} = {13420DD2-B13B-4D0C-868B-816AB417EC9A}
	EndProjectSection
EndProject
Project("{FAE04EC0-301F-11D3-BF4B-00C04F79EFBC}") = "Argix10.Export.Lib", "Argix10.Services\Argix10.Export.Lib\Argix10.Export.Lib.csproj", "{70217C9D-693E-48BD-A878-582506321D26}"
EndProject
Global
	GlobalSection(TeamFoundationVersionControl) = preSolution
		SccNumberOfProjects = 5
		SccEnterpriseProvider = {4CA58AB2-18FA-4F8D-95D4-32DDF27D184C}
		SccTeamFoundationServer = http://rgxvmdev:8080/tfs/argix10
		SccWebProject0 = true
		SccProjectUniqueName0 = Argix10.AgentLineHaul\\Argix10.AgentLineHaul.Services
		SccProjectName0 = Argix10.AgentLineHaul/Argix10.AgentLineHaul.Services
		SccAuxPath0 = http://rgxvmdev:8080/tfs/argix10
		SccLocalPath0 = Argix10.AgentLineHaul\\Argix10.AgentLineHaul.Services
		SccProvider0 = {4CA58AB2-18FA-4F8D-95D4-32DDF27D184C}
		SccProjectEnlistmentChoice0 = 2
		SccProjectUniqueName1 = Argix10.AgentLineHaul\\Argix10.ISDExport.Win\\Argix10.ISDExport.Win.csproj
		SccProjectName1 = Argix10.AgentLineHaul/Argix10.ISDExport.Win
		SccAuxPath1 = http://rgxvmdev:8080/tfs/argix10
		SccLocalPath1 = Argix10.AgentLineHaul\\Argix10.ISDExport.Win
		SccProvider1 = {4CA58AB2-18FA-4F8D-95D4-32DDF27D184C}
		SccProjectUniqueName2 = Argix10.AgentLineHaul\\Argix10.ShipSchedule.Win\\Argix10.ShipSchedule.Win.csproj
		SccProjectName2 = Argix10.AgentLineHaul/Argix10.ShipSchedule.Win
		SccAuxPath2 = http://rgxvmdev:8080/tfs/argix10
		SccLocalPath2 = Argix10.AgentLineHaul\\Argix10.ShipSchedule.Win
		SccProvider2 = {4CA58AB2-18FA-4F8D-95D4-32DDF27D184C}
		SccProjectUniqueName3 = Argix10.AgentLineHaul\\Argix10.ShipScheduleTemplates.Win\\Argix10.ShipScheduleTemplates.Win.csproj
		SccProjectName3 = Argix10.AgentLineHaul/Argix10.ShipScheduleTemplates.Win
		SccAuxPath3 = http://rgxvmdev:8080/tfs/argix10
		SccLocalPath3 = Argix10.AgentLineHaul\\Argix10.ShipScheduleTemplates.Win
		SccProvider3 = {4CA58AB2-18FA-4F8D-95D4-32DDF27D184C}
		SccProjectUniqueName4 = Argix10.Services\\Argix10.Export.Lib\\Argix10.Export.Lib.csproj
		SccProjectName4 = Argix10.Services/Argix10.Export.Lib
		SccAuxPath4 = http://rgxvmdev:8080/tfs/argix10
		SccLocalPath4 = Argix10.Services\\Argix10.Export.Lib
		SccProvider4 = {4CA58AB2-18FA-4F8D-95D4-32DDF27D184C}
	EndGlobalSection
	GlobalSection(SolutionConfigurationPlatforms) = preSolution
		Debug|Any CPU = Debug|Any CPU
		Debug|Mixed Platforms = Debug|Mixed Platforms
		Debug|x86 = Debug|x86
		Release|Any CPU = Release|Any CPU
		Release|Mixed Platforms = Release|Mixed Platforms
		Release|x86 = Release|x86
	EndGlobalSection
	GlobalSection(ProjectConfigurationPlatforms) = postSolution
		{13420DD2-B13B-4D0C-868B-816AB417EC9A}.Debug|Any CPU.ActiveCfg = Debug|Any CPU
		{13420DD2-B13B-4D0C-868B-816AB417EC9A}.Debug|Any CPU.Build.0 = Debug|Any CPU
		{13420DD2-B13B-4D0C-868B-816AB417EC9A}.Debug|Mixed Platforms.ActiveCfg = Debug|Any CPU
		{13420DD2-B13B-4D0C-868B-816AB417EC9A}.Debug|Mixed Platforms.Build.0 = Debug|Any CPU
		{13420DD2-B13B-4D0C-868B-816AB417EC9A}.Debug|x86.ActiveCfg = Debug|Any CPU
		{13420DD2-B13B-4D0C-868B-816AB417EC9A}.Release|Any CPU.ActiveCfg = Debug|Any CPU
		{13420DD2-B13B-4D0C-868B-816AB417EC9A}.Release|Any CPU.Build.0 = Debug|Any CPU
		{13420DD2-B13B-4D0C-868B-816AB417EC9A}.Release|Mixed Platforms.ActiveCfg = Debug|Any CPU
		{13420DD2-B13B-4D0C-868B-816AB417EC9A}.Release|Mixed Platforms.Build.0 = Debug|Any CPU
		{13420DD2-B13B-4D0C-868B-816AB417EC9A}.Release|x86.ActiveCfg = Debug|Any CPU
		{9A8960C6-A3D4-40D0-A3EE-679DD41C808F}.Debug|Any CPU.ActiveCfg = Debug|Any CPU
		{9A8960C6-A3D4-40D0-A3EE-679DD41C808F}.Debug|Any CPU.Build.0 = Debug|Any CPU
		{9A8960C6-A3D4-40D0-A3EE-679DD41C808F}.Debug|Mixed Platforms.ActiveCfg = Debug|Any CPU
		{9A8960C6-A3D4-40D0-A3EE-679DD41C808F}.Debug|Mixed Platforms.Build.0 = Debug|Any CPU
		{9A8960C6-A3D4-40D0-A3EE-679DD41C808F}.Debug|x86.ActiveCfg = Debug|Any CPU
		{9A8960C6-A3D4-40D0-A3EE-679DD41C808F}.Release|Any CPU.ActiveCfg = Release|Any CPU
		{9A8960C6-A3D4-40D0-A3EE-679DD41C808F}.Release|Any CPU.Build.0 = Release|Any CPU
		{9A8960C6-A3D4-40D0-A3EE-679DD41C808F}.Release|Mixed Platforms.ActiveCfg = Release|Any CPU
		{9A8960C6-A3D4-40D0-A3EE-679DD41C808F}.Release|Mixed Platforms.Build.0 = Release|Any CPU
		{9A8960C6-A3D4-40D0-A3EE-679DD41C808F}.Release|x86.ActiveCfg = Release|Any CPU
		{7C52BCF9-9039-4584-A72E-AF6087B300E5}.Debug|Any CPU.ActiveCfg = Debug|Any CPU
		{7C52BCF9-9039-4584-A72E-AF6087B300E5}.Debug|Any CPU.Build.0 = Debug|Any CPU
		{7C52BCF9-9039-4584-A72E-AF6087B300E5}.Debug|Mixed Platforms.ActiveCfg = Debug|Any CPU
		{7C52BCF9-9039-4584-A72E-AF6087B300E5}.Debug|Mixed Platforms.Build.0 = Debug|Any CPU
		{7C52BCF9-9039-4584-A72E-AF6087B300E5}.Debug|x86.ActiveCfg = Debug|Any CPU
		{7C52BCF9-9039-4584-A72E-AF6087B300E5}.Release|Any CPU.ActiveCfg = Release|Any CPU
		{7C52BCF9-9039-4584-A72E-AF6087B300E5}.Release|Any CPU.Build.0 = Release|Any CPU
		{7C52BCF9-9039-4584-A72E-AF6087B300E5}.Release|Mixed Platforms.ActiveCfg = Release|Any CPU
		{7C52BCF9-9039-4584-A72E-AF6087B300E5}.Release|Mixed Platforms.Build.0 = Release|Any CPU
		{7C52BCF9-9039-4584-A72E-AF6087B300E5}.Release|x86.ActiveCfg = Release|Any CPU
		{AC3AF181-4185-405E-8D65-6C20473BC3AE}.Debug|Any CPU.ActiveCfg = Debug|Any CPU
		{AC3AF181-4185-405E-8D65-6C20473BC3AE}.Debug|Any CPU.Build.0 = Debug|Any CPU
		{AC3AF181-4185-405E-8D65-6C20473BC3AE}.Debug|Mixed Platforms.ActiveCfg = Debug|Any CPU
		{AC3AF181-4185-405E-8D65-6C20473BC3AE}.Debug|Mixed Platforms.Build.0 = Debug|Any CPU
		{AC3AF181-4185-405E-8D65-6C20473BC3AE}.Debug|x86.ActiveCfg = Debug|Any CPU
		{AC3AF181-4185-405E-8D65-6C20473BC3AE}.Release|Any CPU.ActiveCfg = Release|Any CPU
		{AC3AF181-4185-405E-8D65-6C20473BC3AE}.Release|Any CPU.Build.0 = Release|Any CPU
		{AC3AF181-4185-405E-8D65-6C20473BC3AE}.Release|Mixed Platforms.ActiveCfg = Release|Any CPU
		{AC3AF181-4185-405E-8D65-6C20473BC3AE}.Release|Mixed Platforms.Build.0 = Release|Any CPU
		{AC3AF181-4185-405E-8D65-6C20473BC3AE}.Release|x86.ActiveCfg = Release|Any CPU
		{70217C9D-693E-48BD-A878-582506321D26}.Debug|Any CPU.ActiveCfg = Debug|Any CPU
		{70217C9D-693E-48BD-A878-582506321D26}.Debug|Any CPU.Build.0 = Debug|Any CPU
		{70217C9D-693E-48BD-A878-582506321D26}.Debug|Mixed Platforms.ActiveCfg = Debug|Any CPU
		{70217C9D-693E-48BD-A878-582506321D26}.Debug|Mixed Platforms.Build.0 = Debug|Any CPU
		{70217C9D-693E-48BD-A878-582506321D26}.Debug|x86.ActiveCfg = Debug|Any CPU
		{70217C9D-693E-48BD-A878-582506321D26}.Release|Any CPU.ActiveCfg = Release|Any CPU
		{70217C9D-693E-48BD-A878-582506321D26}.Release|Any CPU.Build.0 = Release|Any CPU
		{70217C9D-693E-48BD-A878-582506321D26}.Release|Mixed Platforms.ActiveCfg = Release|Any CPU
		{70217C9D-693E-48BD-A878-582506321D26}.Release|Mixed Platforms.Build.0 = Release|Any CPU
		{70217C9D-693E-48BD-A878-582506321D26}.Release|x86.ActiveCfg = Release|Any CPU
	EndGlobalSection
	GlobalSection(SolutionProperties) = preSolution
		HideSolutionNode = FALSE
	EndGlobalSection
	GlobalSection(TeamFoundationVersionControl) = preSolution
		SccNumberOfProjects = 5
		SccEnterpriseProvider = {4CA58AB2-18FA-4F8D-95D4-32DDF27D184C}
		SccTeamFoundationServer = http://rgxvmdev:8080/tfs/argix10
		SccWebProject0 = true
		SccProjectUniqueName0 = Argix10.AgentLineHaul\\Argix10.AgentLineHaul.Services
		SccProjectName0 = Argix10.AgentLineHaul/Argix10.AgentLineHaul.Services
		SccAuxPath0 = http://rgxvmdev:8080/tfs/argix10
		SccLocalPath0 = Argix10.AgentLineHaul\\Argix10.AgentLineHaul.Services
		SccProvider0 = {4CA58AB2-18FA-4F8D-95D4-32DDF27D184C}
		SccProjectEnlistmentChoice0 = 2
		SccProjectUniqueName1 = Argix10.AgentLineHaul\\Argix10.ISDExport.Win\\Argix10.ISDExport.Win.csproj
		SccProjectName1 = Argix10.AgentLineHaul/Argix10.ISDExport.Win
		SccAuxPath1 = http://rgxvmdev:8080/tfs/argix10
		SccLocalPath1 = Argix10.AgentLineHaul\\Argix10.ISDExport.Win
		SccProvider1 = {4CA58AB2-18FA-4F8D-95D4-32DDF27D184C}
		SccProjectUniqueName2 = Argix10.AgentLineHaul\\Argix10.ShipSchedule.Win\\Argix10.ShipSchedule.Win.csproj
		SccProjectName2 = Argix10.AgentLineHaul/Argix10.ShipSchedule.Win
		SccAuxPath2 = http://rgxvmdev:8080/tfs/argix10
		SccLocalPath2 = Argix10.AgentLineHaul\\Argix10.ShipSchedule.Win
		SccProvider2 = {4CA58AB2-18FA-4F8D-95D4-32DDF27D184C}
		SccProjectUniqueName3 = Argix10.AgentLineHaul\\Argix10.ShipScheduleTemplates.Win\\Argix10.ShipScheduleTemplates.Win.csproj
		SccProjectName3 = Argix10.AgentLineHaul/Argix10.ShipScheduleTemplates.Win
		SccAuxPath3 = http://rgxvmdev:8080/tfs/argix10
		SccLocalPath3 = Argix10.AgentLineHaul\\Argix10.ShipScheduleTemplates.Win
		SccProvider3 = {4CA58AB2-18FA-4F8D-95D4-32DDF27D184C}
		SccProjectUniqueName4 = Argix10.Services\\Argix10.Export.Lib\\Argix10.Export.Lib.csproj
		SccProjectName4 = Argix10.Services/Argix10.Export.Lib
		SccAuxPath4 = http://rgxvmdev:8080/tfs/argix10
		SccLocalPath4 = Argix10.Services\\Argix10.Export.Lib
		SccProvider4 = {4CA58AB2-18FA-4F8D-95D4-32DDF27D184C}
	EndGlobalSection
	GlobalSection(TeamFoundationVersionControl) = preSolution
		SccNumberOfProjects = 4
		SccEnterpriseProvider = {4CA58AB2-18FA-4F8D-95D4-32DDF27D184C}
		SccTeamFoundationServer = http://rgxvmdev:8080/tfs/argix10
		SccWebProject0 = true
		SccProjectUniqueName0 = Argix10.AgentLineHaul\\Argix10.AgentLineHaul.Services
		SccProjectName0 = Argix10.AgentLineHaul/Argix10.AgentLineHaul.Services
		SccAuxPath0 = http://rgxvmdev:8080/tfs/argix10
		SccLocalPath0 = Argix10.AgentLineHaul\\Argix10.AgentLineHaul.Services
		SccProvider0 = {4CA58AB2-18FA-4F8D-95D4-32DDF27D184C}
		SccProjectEnlistmentChoice0 = 2
		SccProjectUniqueName1 = Argix10.AgentLineHaul\\Argix10.ISDExport.Win\\Argix10.ISDExport.Win.csproj
		SccProjectName1 = Argix10.AgentLineHaul/Argix10.ISDExport.Win
		SccAuxPath1 = http://rgxvmdev:8080/tfs/argix10
		SccLocalPath1 = Argix10.AgentLineHaul\\Argix10.ISDExport.Win
		SccProvider1 = {4CA58AB2-18FA-4F8D-95D4-32DDF27D184C}
		SccProjectUniqueName2 = Argix10.AgentLineHaul\\Argix10.ShipSchedule.Win\\Argix10.ShipSchedule.Win.csproj
		SccProjectName2 = Argix10.AgentLineHaul/Argix10.ShipSchedule.Win
		SccAuxPath2 = http://rgxvmdev:8080/tfs/argix10
		SccLocalPath2 = Argix10.AgentLineHaul\\Argix10.ShipSchedule.Win
		SccProvider2 = {4CA58AB2-18FA-4F8D-95D4-32DDF27D184C}
		SccProjectUniqueName3 = Argix10.AgentLineHaul\\Argix10.ShipScheduleTemplates.Win\\Argix10.ShipScheduleTemplates.Win.csproj
		SccProjectName3 = Argix10.AgentLineHaul/Argix10.ShipScheduleTemplates.Win
		SccAuxPath3 = http://rgxvmdev:8080/tfs/argix10
		SccLocalPath3 = Argix10.AgentLineHaul\\Argix10.ShipScheduleTemplates.Win
		SccProvider3 = {4CA58AB2-18FA-4F8D-95D4-32DDF27D184C}
	EndGlobalSection
	GlobalSection(TeamFoundationVersionControl) = preSolution
		SccNumberOfProjects = 4
		SccEnterpriseProvider = {4CA58AB2-18FA-4F8D-95D4-32DDF27D184C}
		SccTeamFoundationServer = http://rgxvmdev:8080/tfs/argix10
		SccWebProject0 = true
		SccProjectUniqueName0 = Argix10.AgentLineHaul\\Argix10.AgentLineHaul.Services
		SccProjectName0 = Argix10.AgentLineHaul/Argix10.AgentLineHaul.Services
		SccAuxPath0 = http://rgxvmdev:8080/tfs/argix10
		SccLocalPath0 = Argix10.AgentLineHaul\\Argix10.AgentLineHaul.Services
		SccProvider0 = {4CA58AB2-18FA-4F8D-95D4-32DDF27D184C}
		SccProjectEnlistmentChoice0 = 2
		SccProjectUniqueName1 = Argix10.AgentLineHaul\\Argix10.ISDExport.Win\\Argix10.ISDExport.Win.csproj
		SccProjectName1 = Argix10.AgentLineHaul/Argix10.ISDExport.Win
		SccAuxPath1 = http://rgxvmdev:8080/tfs/argix10
		SccLocalPath1 = Argix10.AgentLineHaul\\Argix10.ISDExport.Win
		SccProvider1 = {4CA58AB2-18FA-4F8D-95D4-32DDF27D184C}
		SccProjectUniqueName2 = Argix10.AgentLineHaul\\Argix10.ShipSchedule.Win\\Argix10.ShipSchedule.Win.csproj
		SccProjectName2 = Argix10.AgentLineHaul/Argix10.ShipSchedule.Win
		SccAuxPath2 = http://rgxvmdev:8080/tfs/argix10
		SccLocalPath2 = Argix10.AgentLineHaul\\Argix10.ShipSchedule.Win
		SccProvider2 = {4CA58AB2-18FA-4F8D-95D4-32DDF27D184C}
		SccProjectUniqueName3 = Argix10.AgentLineHaul\\Argix10.ShipScheduleTemplates.Win\\Argix10.ShipScheduleTemplates.Win.csproj
		SccProjectName3 = Argix10.AgentLineHaul/Argix10.ShipScheduleTemplates.Win
		SccAuxPath3 = http://rgxvmdev:8080/tfs/argix10
		SccLocalPath3 = Argix10.AgentLineHaul\\Argix10.ShipScheduleTemplates.Win
		SccProvider3 = {4CA58AB2-18FA-4F8D-95D4-32DDF27D184C}
	EndGlobalSection
	GlobalSection(TeamFoundationVersionControl) = preSolution
		SccNumberOfProjects = 4
		SccEnterpriseProvider = {4CA58AB2-18FA-4F8D-95D4-32DDF27D184C}
		SccTeamFoundationServer = http://rgxvmdev:8080/tfs/argix10
		SccWebProject0 = true
		SccProjectUniqueName0 = Argix10.AgentLineHaul\\Argix10.AgentLineHaul.Services
		SccProjectName0 = Argix10.AgentLineHaul/Argix10.AgentLineHaul.Services
		SccAuxPath0 = http://rgxvmdev:8080/tfs/argix10
		SccLocalPath0 = Argix10.AgentLineHaul\\Argix10.AgentLineHaul.Services
		SccProvider0 = {4CA58AB2-18FA-4F8D-95D4-32DDF27D184C}
		SccProjectEnlistmentChoice0 = 2
		SccProjectUniqueName1 = Argix10.AgentLineHaul\\Argix10.ISDExport.Win\\Argix10.ISDExport.Win.csproj
		SccProjectName1 = Argix10.AgentLineHaul/Argix10.ISDExport.Win
		SccAuxPath1 = http://rgxvmdev:8080/tfs/argix10
		SccLocalPath1 = Argix10.AgentLineHaul\\Argix10.ISDExport.Win
		SccProvider1 = {4CA58AB2-18FA-4F8D-95D4-32DDF27D184C}
		SccProjectUniqueName2 = Argix10.AgentLineHaul\\Argix10.ShipSchedule.Win\\Argix10.ShipSchedule.Win.csproj
		SccProjectName2 = Argix10.AgentLineHaul/Argix10.ShipSchedule.Win
		SccAuxPath2 = http://rgxvmdev:8080/tfs/argix10
		SccLocalPath2 = Argix10.AgentLineHaul\\Argix10.ShipSchedule.Win
		SccProvider2 = {4CA58AB2-18FA-4F8D-95D4-32DDF27D184C}
		SccProjectUniqueName3 = Argix10.AgentLineHaul\\Argix10.ShipScheduleTemplates.Win\\Argix10.ShipScheduleTemplates.Win.csproj
		SccProjectName3 = Argix10.AgentLineHaul/Argix10.ShipScheduleTemplates.Win
		SccAuxPath3 = http://rgxvmdev:8080/tfs/argix10
		SccLocalPath3 = Argix10.AgentLineHaul\\Argix10.ShipScheduleTemplates.Win
		SccProvider3 = {4CA58AB2-18FA-4F8D-95D4-32DDF27D184C}
	EndGlobalSection
	GlobalSection(TeamFoundationVersionControl) = preSolution
		SccNumberOfProjects = 4
		SccEnterpriseProvider = {4CA58AB2-18FA-4F8D-95D4-32DDF27D184C}
		SccTeamFoundationServer = http://rgxvmdev:8080/tfs/argix10
		SccWebProject0 = true
		SccProjectUniqueName0 = Argix10.AgentLineHaul\\Argix10.AgentLineHaul.Services
		SccProjectName0 = Argix10.AgentLineHaul/Argix10.AgentLineHaul.Services
		SccAuxPath0 = http://rgxvmdev:8080/tfs/argix10
		SccLocalPath0 = Argix10.AgentLineHaul\\Argix10.AgentLineHaul.Services
		SccProvider0 = {4CA58AB2-18FA-4F8D-95D4-32DDF27D184C}
		SccProjectEnlistmentChoice0 = 2
		SccProjectUniqueName1 = Argix10.AgentLineHaul\\Argix10.ISDExport.Win\\Argix10.ISDExport.Win.csproj
		SccProjectName1 = Argix10.AgentLineHaul/Argix10.ISDExport.Win
		SccAuxPath1 = http://rgxvmdev:8080/tfs/argix10
		SccLocalPath1 = Argix10.AgentLineHaul\\Argix10.ISDExport.Win
		SccProvider1 = {4CA58AB2-18FA-4F8D-95D4-32DDF27D184C}
		SccProjectUniqueName2 = Argix10.AgentLineHaul\\Argix10.ShipSchedule.Win\\Argix10.ShipSchedule.Win.csproj
		SccProjectName2 = Argix10.AgentLineHaul/Argix10.ShipSchedule.Win
		SccAuxPath2 = http://rgxvmdev:8080/tfs/argix10
		SccLocalPath2 = Argix10.AgentLineHaul\\Argix10.ShipSchedule.Win
		SccProvider2 = {4CA58AB2-18FA-4F8D-95D4-32DDF27D184C}
		SccProjectUniqueName3 = Argix10.AgentLineHaul\\Argix10.ShipScheduleTemplates.Win\\Argix10.ShipScheduleTemplates.Win.csproj
		SccProjectName3 = Argix10.AgentLineHaul/Argix10.ShipScheduleTemplates.Win
		SccAuxPath3 = http://rgxvmdev:8080/tfs/argix10
		SccLocalPath3 = Argix10.AgentLineHaul\\Argix10.ShipScheduleTemplates.Win
		SccProvider3 = {4CA58AB2-18FA-4F8D-95D4-32DDF27D184C}
	EndGlobalSection
	GlobalSection(TeamFoundationVersionControl) = preSolution
		SccNumberOfProjects = 4
		SccEnterpriseProvider = {4CA58AB2-18FA-4F8D-95D4-32DDF27D184C}
		SccTeamFoundationServer = http://rgxvmdev:8080/tfs/argix10
		SccWebProject0 = true
		SccProjectUniqueName0 = Argix10.AgentLineHaul\\Argix10.AgentLineHaul.Services
		SccProjectName0 = Argix10.AgentLineHaul/Argix10.AgentLineHaul.Services
		SccAuxPath0 = http://rgxvmdev:8080/tfs/argix10
		SccLocalPath0 = Argix10.AgentLineHaul\\Argix10.AgentLineHaul.Services
		SccProvider0 = {4CA58AB2-18FA-4F8D-95D4-32DDF27D184C}
		SccProjectEnlistmentChoice0 = 2
		SccProjectUniqueName1 = Argix10.AgentLineHaul\\Argix10.ISDExport.Win\\Argix10.ISDExport.Win.csproj
		SccProjectName1 = Argix10.AgentLineHaul/Argix10.ISDExport.Win
		SccAuxPath1 = http://rgxvmdev:8080/tfs/argix10
		SccLocalPath1 = Argix10.AgentLineHaul\\Argix10.ISDExport.Win
		SccProvider1 = {4CA58AB2-18FA-4F8D-95D4-32DDF27D184C}
		SccProjectUniqueName2 = Argix10.AgentLineHaul\\Argix10.ShipSchedule.Win\\Argix10.ShipSchedule.Win.csproj
		SccProjectName2 = Argix10.AgentLineHaul/Argix10.ShipSchedule.Win
		SccAuxPath2 = http://rgxvmdev:8080/tfs/argix10
		SccLocalPath2 = Argix10.AgentLineHaul\\Argix10.ShipSchedule.Win
		SccProvider2 = {4CA58AB2-18FA-4F8D-95D4-32DDF27D184C}
		SccProjectUniqueName3 = Argix10.AgentLineHaul\\Argix10.ShipScheduleTemplates.Win\\Argix10.ShipScheduleTemplates.Win.csproj
		SccProjectName3 = Argix10.AgentLineHaul/Argix10.ShipScheduleTemplates.Win
		SccAuxPath3 = http://rgxvmdev:8080/tfs/argix10
		SccLocalPath3 = Argix10.AgentLineHaul\\Argix10.ShipScheduleTemplates.Win
		SccProvider3 = {4CA58AB2-18FA-4F8D-95D4-32DDF27D184C}
	EndGlobalSection
	GlobalSection(TeamFoundationVersionControl) = preSolution
		SccNumberOfProjects = 4
		SccEnterpriseProvider = {4CA58AB2-18FA-4F8D-95D4-32DDF27D184C}
		SccTeamFoundationServer = http://rgxvmdev:8080/tfs/argix10
		SccWebProject0 = true
		SccProjectUniqueName0 = Argix10.AgentLineHaul\\Argix10.AgentLineHaul.Services
		SccProjectName0 = Argix10.AgentLineHaul/Argix10.AgentLineHaul.Services
		SccAuxPath0 = http://rgxvmdev:8080/tfs/argix10
		SccLocalPath0 = Argix10.AgentLineHaul\\Argix10.AgentLineHaul.Services
		SccProvider0 = {4CA58AB2-18FA-4F8D-95D4-32DDF27D184C}
		SccProjectEnlistmentChoice0 = 2
		SccProjectUniqueName1 = Argix10.AgentLineHaul\\Argix10.ISDExport.Win\\Argix10.ISDExport.Win.csproj
		SccProjectName1 = Argix10.AgentLineHaul/Argix10.ISDExport.Win
		SccAuxPath1 = http://rgxvmdev:8080/tfs/argix10
		SccLocalPath1 = Argix10.AgentLineHaul\\Argix10.ISDExport.Win
		SccProvider1 = {4CA58AB2-18FA-4F8D-95D4-32DDF27D184C}
		SccProjectUniqueName2 = Argix10.AgentLineHaul\\Argix10.ShipSchedule.Win\\Argix10.ShipSchedule.Win.csproj
		SccProjectName2 = Argix10.AgentLineHaul/Argix10.ShipSchedule.Win
		SccAuxPath2 = http://rgxvmdev:8080/tfs/argix10
		SccLocalPath2 = Argix10.AgentLineHaul\\Argix10.ShipSchedule.Win
		SccProvider2 = {4CA58AB2-18FA-4F8D-95D4-32DDF27D184C}
		SccProjectUniqueName3 = Argix10.AgentLineHaul\\Argix10.ShipScheduleTemplates.Win\\Argix10.ShipScheduleTemplates.Win.csproj
		SccProjectName3 = Argix10.AgentLineHaul/Argix10.ShipScheduleTemplates.Win
		SccAuxPath3 = http://rgxvmdev:8080/tfs/argix10
		SccLocalPath3 = Argix10.AgentLineHaul\\Argix10.ShipScheduleTemplates.Win
		SccProvider3 = {4CA58AB2-18FA-4F8D-95D4-32DDF27D184C}
	EndGlobalSection
	GlobalSection(TeamFoundationVersionControl) = preSolution
		SccNumberOfProjects = 4
		SccEnterpriseProvider = {4CA58AB2-18FA-4F8D-95D4-32DDF27D184C}
		SccTeamFoundationServer = http://rgxvmdev:8080/tfs/argix10
		SccWebProject0 = true
		SccProjectUniqueName0 = Argix10.AgentLineHaul\\Argix10.AgentLineHaul.Services
		SccProjectName0 = Argix10.AgentLineHaul/Argix10.AgentLineHaul.Services
		SccAuxPath0 = http://rgxvmdev:8080/tfs/argix10
		SccLocalPath0 = Argix10.AgentLineHaul\\Argix10.AgentLineHaul.Services
		SccProvider0 = {4CA58AB2-18FA-4F8D-95D4-32DDF27D184C}
		SccProjectEnlistmentChoice0 = 2
		SccProjectUniqueName1 = Argix10.AgentLineHaul\\Argix10.ISDExport.Win\\Argix10.ISDExport.Win.csproj
		SccProjectName1 = Argix10.AgentLineHaul/Argix10.ISDExport.Win
		SccAuxPath1 = http://rgxvmdev:8080/tfs/argix10
		SccLocalPath1 = Argix10.AgentLineHaul\\Argix10.ISDExport.Win
		SccProvider1 = {4CA58AB2-18FA-4F8D-95D4-32DDF27D184C}
		SccProjectUniqueName2 = Argix10.AgentLineHaul\\Argix10.ShipSchedule.Win\\Argix10.ShipSchedule.Win.csproj
		SccProjectName2 = Argix10.AgentLineHaul/Argix10.ShipSchedule.Win
		SccAuxPath2 = http://rgxvmdev:8080/tfs/argix10
		SccLocalPath2 = Argix10.AgentLineHaul\\Argix10.ShipSchedule.Win
		SccProvider2 = {4CA58AB2-18FA-4F8D-95D4-32DDF27D184C}
		SccProjectUniqueName3 = Argix10.AgentLineHaul\\Argix10.ShipScheduleTemplates.Win\\Argix10.ShipScheduleTemplates.Win.csproj
		SccProjectName3 = Argix10.AgentLineHaul/Argix10.ShipScheduleTemplates.Win
		SccAuxPath3 = http://rgxvmdev:8080/tfs/argix10
		SccLocalPath3 = Argix10.AgentLineHaul\\Argix10.ShipScheduleTemplates.Win
		SccProvider3 = {4CA58AB2-18FA-4F8D-95D4-32DDF27D184C}
	EndGlobalSection
	GlobalSection(TeamFoundationVersionControl) = preSolution
		SccNumberOfProjects = 5
		SccEnterpriseProvider = {4CA58AB2-18FA-4F8D-95D4-32DDF27D184C}
		SccTeamFoundationServer = http://rgxvmdev:8080/tfs/argix10
		SccWebProject0 = true
		SccProjectUniqueName0 = Argix10.AgentLineHaul\\Argix10.AgentLineHaul.Services
		SccProjectName0 = Argix10.AgentLineHaul/Argix10.AgentLineHaul.Services
		SccAuxPath0 = http://rgxvmdev:8080/tfs/argix10
		SccLocalPath0 = Argix10.AgentLineHaul\\Argix10.AgentLineHaul.Services
		SccProvider0 = {4CA58AB2-18FA-4F8D-95D4-32DDF27D184C}
		SccProjectEnlistmentChoice0 = 2
		SccProjectUniqueName1 = Argix10.AgentLineHaul\\Argix10.ISDExport.Win\\Argix10.ISDExport.Win.csproj
		SccProjectName1 = Argix10.AgentLineHaul/Argix10.ISDExport.Win
		SccAuxPath1 = http://rgxvmdev:8080/tfs/argix10
		SccLocalPath1 = Argix10.AgentLineHaul\\Argix10.ISDExport.Win
		SccProvider1 = {4CA58AB2-18FA-4F8D-95D4-32DDF27D184C}
		SccProjectUniqueName2 = Argix10.AgentLineHaul\\Argix10.ShipSchedule.Win\\Argix10.ShipSchedule.Win.csproj
		SccProjectName2 = Argix10.AgentLineHaul/Argix10.ShipSchedule.Win
		SccAuxPath2 = http://rgxvmdev:8080/tfs/argix10
		SccLocalPath2 = Argix10.AgentLineHaul\\Argix10.ShipSchedule.Win
		SccProvider2 = {4CA58AB2-18FA-4F8D-95D4-32DDF27D184C}
		SccProjectUniqueName3 = Argix10.AgentLineHaul\\Argix10.ShipScheduleTemplates.Win\\Argix10.ShipScheduleTemplates.Win.csproj
		SccProjectName3 = Argix10.AgentLineHaul/Argix10.ShipScheduleTemplates.Win
		SccAuxPath3 = http://rgxvmdev:8080/tfs/argix10
		SccLocalPath3 = Argix10.AgentLineHaul\\Argix10.ShipScheduleTemplates.Win
		SccProvider3 = {4CA58AB2-18FA-4F8D-95D4-32DDF27D184C}
		SccWebProject4 = true
		SccProjectUniqueName4 = Argix10.Enterprise\\Argix10.Membership.Services
		SccProjectName4 = Argix10.Enterprise/Argix10.Membership.Services
		SccAuxPath4 = http://rgxvmdev:8080/tfs/argix10
		SccLocalPath4 = Argix10.Enterprise\\Argix10.Membership.Services
		SccProvider4 = {4CA58AB2-18FA-4F8D-95D4-32DDF27D184C}
		SccProjectEnlistmentChoice4 = 2
	EndGlobalSection
	GlobalSection(TeamFoundationVersionControl) = preSolution
		SccNumberOfProjects = 5
		SccEnterpriseProvider = {4CA58AB2-18FA-4F8D-95D4-32DDF27D184C}
		SccTeamFoundationServer = http://rgxvmdev:8080/tfs/argix10
		SccWebProject0 = true
		SccProjectUniqueName0 = Argix10.AgentLineHaul\\Argix10.AgentLineHaul.Services
		SccProjectName0 = Argix10.AgentLineHaul/Argix10.AgentLineHaul.Services
		SccAuxPath0 = http://rgxvmdev:8080/tfs/argix10
		SccLocalPath0 = Argix10.AgentLineHaul\\Argix10.AgentLineHaul.Services
		SccProvider0 = {4CA58AB2-18FA-4F8D-95D4-32DDF27D184C}
		SccProjectEnlistmentChoice0 = 2
		SccProjectUniqueName1 = Argix10.AgentLineHaul\\Argix10.ISDExport.Win\\Argix10.ISDExport.Win.csproj
		SccProjectName1 = Argix10.AgentLineHaul/Argix10.ISDExport.Win
		SccAuxPath1 = http://rgxvmdev:8080/tfs/argix10
		SccLocalPath1 = Argix10.AgentLineHaul\\Argix10.ISDExport.Win
		SccProvider1 = {4CA58AB2-18FA-4F8D-95D4-32DDF27D184C}
		SccProjectUniqueName2 = Argix10.AgentLineHaul\\Argix10.ShipSchedule.Win\\Argix10.ShipSchedule.Win.csproj
		SccProjectName2 = Argix10.AgentLineHaul/Argix10.ShipSchedule.Win
		SccAuxPath2 = http://rgxvmdev:8080/tfs/argix10
		SccLocalPath2 = Argix10.AgentLineHaul\\Argix10.ShipSchedule.Win
		SccProvider2 = {4CA58AB2-18FA-4F8D-95D4-32DDF27D184C}
		SccProjectUniqueName3 = Argix10.AgentLineHaul\\Argix10.ShipScheduleTemplates.Win\\Argix10.ShipScheduleTemplates.Win.csproj
		SccProjectName3 = Argix10.AgentLineHaul/Argix10.ShipScheduleTemplates.Win
		SccAuxPath3 = http://rgxvmdev:8080/tfs/argix10
		SccLocalPath3 = Argix10.AgentLineHaul\\Argix10.ShipScheduleTemplates.Win
		SccProvider3 = {4CA58AB2-18FA-4F8D-95D4-32DDF27D184C}
		SccWebProject4 = true
		SccProjectUniqueName4 = Argix10.Enterprise\\Argix10.Membership.Services
		SccProjectName4 = Argix10.Enterprise/Argix10.Membership.Services
		SccAuxPath4 = http://rgxvmdev:8080/tfs/argix10
		SccLocalPath4 = Argix10.Enterprise\\Argix10.Membership.Services
		SccProvider4 = {4CA58AB2-18FA-4F8D-95D4-32DDF27D184C}
		SccProjectEnlistmentChoice4 = 2
	EndGlobalSection
	GlobalSection(TeamFoundationVersionControl) = preSolution
		SccNumberOfProjects = 5
		SccEnterpriseProvider = {4CA58AB2-18FA-4F8D-95D4-32DDF27D184C}
		SccTeamFoundationServer = http://rgxvmdev:8080/tfs/argix10
		SccWebProject0 = true
		SccProjectUniqueName0 = Argix10.AgentLineHaul\\Argix10.AgentLineHaul.Services
		SccProjectName0 = Argix10.AgentLineHaul/Argix10.AgentLineHaul.Services
		SccAuxPath0 = http://rgxvmdev:8080/tfs/argix10
		SccLocalPath0 = Argix10.AgentLineHaul\\Argix10.AgentLineHaul.Services
		SccProvider0 = {4CA58AB2-18FA-4F8D-95D4-32DDF27D184C}
		SccProjectEnlistmentChoice0 = 2
		SccProjectUniqueName1 = Argix10.AgentLineHaul\\Argix10.ISDExport.Win\\Argix10.ISDExport.Win.csproj
		SccProjectName1 = Argix10.AgentLineHaul/Argix10.ISDExport.Win
		SccAuxPath1 = http://rgxvmdev:8080/tfs/argix10
		SccLocalPath1 = Argix10.AgentLineHaul\\Argix10.ISDExport.Win
		SccProvider1 = {4CA58AB2-18FA-4F8D-95D4-32DDF27D184C}
		SccProjectUniqueName2 = Argix10.AgentLineHaul\\Argix10.ShipSchedule.Win\\Argix10.ShipSchedule.Win.csproj
		SccProjectName2 = Argix10.AgentLineHaul/Argix10.ShipSchedule.Win
		SccAuxPath2 = http://rgxvmdev:8080/tfs/argix10
		SccLocalPath2 = Argix10.AgentLineHaul\\Argix10.ShipSchedule.Win
		SccProvider2 = {4CA58AB2-18FA-4F8D-95D4-32DDF27D184C}
		SccProjectUniqueName3 = Argix10.AgentLineHaul\\Argix10.ShipScheduleTemplates.Win\\Argix10.ShipScheduleTemplates.Win.csproj
		SccProjectName3 = Argix10.AgentLineHaul/Argix10.ShipScheduleTemplates.Win
		SccAuxPath3 = http://rgxvmdev:8080/tfs/argix10
		SccLocalPath3 = Argix10.AgentLineHaul\\Argix10.ShipScheduleTemplates.Win
		SccProvider3 = {4CA58AB2-18FA-4F8D-95D4-32DDF27D184C}
		SccWebProject4 = true
		SccProjectUniqueName4 = Argix10.Enterprise\\Argix10.Membership.Services
		SccProjectName4 = Argix10.Enterprise/Argix10.Membership.Services
		SccAuxPath4 = http://rgxvmdev:8080/tfs/argix10
		SccLocalPath4 = Argix10.Enterprise\\Argix10.Membership.Services
		SccProvider4 = {4CA58AB2-18FA-4F8D-95D4-32DDF27D184C}
		SccProjectEnlistmentChoice4 = 2
	EndGlobalSection
	GlobalSection(TeamFoundationVersionControl) = preSolution
		SccNumberOfProjects = 4
		SccEnterpriseProvider = {4CA58AB2-18FA-4F8D-95D4-32DDF27D184C}
		SccTeamFoundationServer = http://rgxvmdev:8080/tfs/argix10
		SccWebProject0 = true
		SccProjectUniqueName0 = Argix10.AgentLineHaul\\Argix10.AgentLineHaul.Services
		SccProjectName0 = Argix10.AgentLineHaul/Argix10.AgentLineHaul.Services
		SccAuxPath0 = http://rgxvmdev:8080/tfs/argix10
		SccLocalPath0 = Argix10.AgentLineHaul\\Argix10.AgentLineHaul.Services
		SccProvider0 = {4CA58AB2-18FA-4F8D-95D4-32DDF27D184C}
		SccProjectEnlistmentChoice0 = 2
		SccProjectUniqueName1 = Argix10.AgentLineHaul\\Argix10.ISDExport.Win\\Argix10.ISDExport.Win.csproj
		SccProjectName1 = Argix10.AgentLineHaul/Argix10.ISDExport.Win
		SccAuxPath1 = http://rgxvmdev:8080/tfs/argix10
		SccLocalPath1 = Argix10.AgentLineHaul\\Argix10.ISDExport.Win
		SccProvider1 = {4CA58AB2-18FA-4F8D-95D4-32DDF27D184C}
		SccProjectUniqueName2 = Argix10.AgentLineHaul\\Argix10.ShipScheduleTemplates.Win\\Argix10.ShipScheduleTemplates.Win.csproj
		SccProjectName2 = Argix10.AgentLineHaul/Argix10.ShipScheduleTemplates.Win
		SccAuxPath2 = http://rgxvmdev:8080/tfs/argix10
		SccLocalPath2 = Argix10.AgentLineHaul\\Argix10.ShipScheduleTemplates.Win
		SccProvider2 = {4CA58AB2-18FA-4F8D-95D4-32DDF27D184C}
		SccProjectUniqueName3 = Argix10.AgentLineHaul\\Argix10.ShipSchedule.Win\\Argix10.ShipSchedule.Win.csproj
		SccProjectName3 = Argix10.AgentLineHaul/Argix10.ShipSchedule.Win
		SccAuxPath3 = http://rgxvmdev:8080/tfs/argix10
		SccLocalPath3 = Argix10.AgentLineHaul\\Argix10.ShipSchedule.Win
		SccProvider3 = {4CA58AB2-18FA-4F8D-95D4-32DDF27D184C}
	EndGlobalSection
	GlobalSection(TeamFoundationVersionControl) = preSolution
		SccNumberOfProjects = 3
		SccEnterpriseProvider = {4CA58AB2-18FA-4F8D-95D4-32DDF27D184C}
		SccTeamFoundationServer = http://rgxvmdev:8080/tfs/argix10
		SccWebProject0 = true
		SccProjectUniqueName0 = Argix10.AgentLineHaul\\Argix10.AgentLineHaul.Services
		SccProjectName0 = Argix10.AgentLineHaul/Argix10.AgentLineHaul.Services
		SccAuxPath0 = http://rgxvmdev:8080/tfs/argix10
		SccLocalPath0 = Argix10.AgentLineHaul\\Argix10.AgentLineHaul.Services
		SccProvider0 = {4CA58AB2-18FA-4F8D-95D4-32DDF27D184C}
		SccProjectEnlistmentChoice0 = 2
		SccProjectUniqueName1 = Argix10.AgentLineHaul\\Argix10.ISDExport.Win\\Argix10.ISDExport.Win.csproj
		SccProjectName1 = Argix10.AgentLineHaul/Argix10.ISDExport.Win
		SccAuxPath1 = http://rgxvmdev:8080/tfs/argix10
		SccLocalPath1 = Argix10.AgentLineHaul\\Argix10.ISDExport.Win
		SccProvider1 = {4CA58AB2-18FA-4F8D-95D4-32DDF27D184C}
		SccProjectUniqueName2 = Argix10.AgentLineHaul\\Argix10.ShipScheduleTemplates.Win\\Argix10.ShipScheduleTemplates.Win.csproj
		SccProjectName2 = Argix10.AgentLineHaul/Argix10.ShipScheduleTemplates.Win
		SccAuxPath2 = http://rgxvmdev:8080/tfs/argix10
		SccLocalPath2 = Argix10.AgentLineHaul\\Argix10.ShipScheduleTemplates.Win
		SccProvider2 = {4CA58AB2-18FA-4F8D-95D4-32DDF27D184C}
	EndGlobalSection
	GlobalSection(TeamFoundationVersionControl) = preSolution
		SccNumberOfProjects = 3
		SccEnterpriseProvider = {4CA58AB2-18FA-4F8D-95D4-32DDF27D184C}
		SccTeamFoundationServer = http://rgxvmdev:8080/tfs/argix10
		SccWebProject0 = true
		SccProjectUniqueName0 = Argix10.AgentLineHaul\\Argix10.AgentLineHaul.Services
		SccProjectName0 = Argix10.AgentLineHaul/Argix10.AgentLineHaul.Services
		SccAuxPath0 = http://rgxvmdev:8080/tfs/argix10
		SccLocalPath0 = Argix10.AgentLineHaul\\Argix10.AgentLineHaul.Services
		SccProvider0 = {4CA58AB2-18FA-4F8D-95D4-32DDF27D184C}
		SccProjectEnlistmentChoice0 = 2
		SccProjectUniqueName1 = Argix10.AgentLineHaul\\Argix10.ISDExport.Win\\Argix10.ISDExport.Win.csproj
		SccProjectName1 = Argix10.AgentLineHaul/Argix10.ISDExport.Win
		SccAuxPath1 = http://rgxvmdev:8080/tfs/argix10
		SccLocalPath1 = Argix10.AgentLineHaul\\Argix10.ISDExport.Win
		SccProvider1 = {4CA58AB2-18FA-4F8D-95D4-32DDF27D184C}
		SccProjectUniqueName2 = Argix10.AgentLineHaul\\Argix10.ShipScheduleTemplates.Win\\Argix10.ShipScheduleTemplates.Win.csproj
		SccProjectName2 = Argix10.AgentLineHaul/Argix10.ShipScheduleTemplates.Win
		SccAuxPath2 = http://rgxvmdev:8080/tfs/argix10
		SccLocalPath2 = Argix10.AgentLineHaul\\Argix10.ShipScheduleTemplates.Win
		SccProvider2 = {4CA58AB2-18FA-4F8D-95D4-32DDF27D184C}
	EndGlobalSection
	GlobalSection(TeamFoundationVersionControl) = preSolution
		SccNumberOfProjects = 1
		SccEnterpriseProvider = {4CA58AB2-18FA-4F8D-95D4-32DDF27D184C}
		SccTeamFoundationServer = http://rgxvmdev:8080/tfs/argix10
		SccWebProject0 = true
		SccProjectUniqueName0 = Argix10.AgentLineHaul\\Argix10.AgentLineHaul.Services
		SccProjectName0 = Argix10.AgentLineHaul/Argix10.AgentLineHaul.Services
		SccAuxPath0 = http://rgxvmdev:8080/tfs/argix10
		SccLocalPath0 = Argix10.AgentLineHaul\\Argix10.AgentLineHaul.Services
		SccProvider0 = {4CA58AB2-18FA-4F8D-95D4-32DDF27D184C}
		SccProjectEnlistmentChoice0 = 2
	EndGlobalSection
	GlobalSection(TeamFoundationVersionControl) = preSolution
		SccNumberOfProjects = 1
		SccEnterpriseProvider = {4CA58AB2-18FA-4F8D-95D4-32DDF27D184C}
		SccTeamFoundationServer = http://rgxvmdev:8080/tfs/argix10
		SccWebProject0 = true
		SccProjectUniqueName0 = Argix10.AgentLineHaul\\Argix10.AgentLineHaul.Services
		SccProjectName0 = Argix10.AgentLineHaul/Argix10.AgentLineHaul.Services
		SccAuxPath0 = http://rgxvmdev:8080/tfs/argix10
		SccLocalPath0 = Argix10.AgentLineHaul\\Argix10.AgentLineHaul.Services
		SccProvider0 = {4CA58AB2-18FA-4F8D-95D4-32DDF27D184C}
		SccProjectEnlistmentChoice0 = 2
	EndGlobalSection
EndGlobal
