
Microsoft Visual Studio Solution File, Format Version 11.00
# Visual Studio 2010
Project("{FAE04EC0-301F-11D3-BF4B-00C04F79EFBC}") = "Argix10.Windows.Lib", "Argix10.Services\Argix10.Windows.Lib\Argix10.Windows.Lib.csproj", "{ADDB2780-44A5-42F6-8B5F-14B030ED6136}"
EndProject
Project("{FAE04EC0-301F-11D3-BF4B-00C04F79EFBC}") = "Argix10.Export.Lib", "Argix10.Services\Argix10.Export.Lib\Argix10.Export.Lib.csproj", "{70217C9D-693E-48BD-A878-582506321D26}"
EndProject
Project("{E24C65DC-7377-472B-9ABA-BC803B73C61A}") = "Argix10.Finance.Services", "Argix10.Finance\Argix10.Finance.Services", "{0EAAB9D3-DF63-4B50-9DBD-AC704352BE2C}"
	ProjectSection(WebsiteProperties) = preProject
		SccProjectName = "SAK"
		SccAuxPath = "SAK"
		SccLocalPath = "SAK"
		SccProvider = "SAK"
		TargetFrameworkMoniker = ".NETFramework,Version%3Dv4.0"
		Debug.AspNetCompiler.VirtualPath = "/Argix10.Finance.Services"
		Debug.AspNetCompiler.PhysicalPath = "Argix10.Finance\Argix10.Finance.Services\"
		Debug.AspNetCompiler.TargetPath = "PrecompiledWeb\Argix10.Finance.Services\"
		Debug.AspNetCompiler.Updateable = "true"
		Debug.AspNetCompiler.ForceOverwrite = "true"
		Debug.AspNetCompiler.FixedNames = "false"
		Debug.AspNetCompiler.Debug = "True"
		Release.AspNetCompiler.VirtualPath = "/Argix10.Finance.Services"
		Release.AspNetCompiler.PhysicalPath = "Argix10.Finance\Argix10.Finance.Services\"
		Release.AspNetCompiler.TargetPath = "PrecompiledWeb\Argix10.Finance.Services\"
		Release.AspNetCompiler.Updateable = "true"
		Release.AspNetCompiler.ForceOverwrite = "true"
		Release.AspNetCompiler.FixedNames = "false"
		Release.AspNetCompiler.Debug = "False"
		VWDPort = "7723"
	EndProjectSection
EndProject
Project("{E24C65DC-7377-472B-9ABA-BC803B73C61A}") = "Argix10.Customers.Services", "Argix10.Customers\Argix10.Customers.Services", "{862EA24A-0E68-45E1-877B-C11F757BF18A}"
	ProjectSection(WebsiteProperties) = preProject
		SccProjectName = "SAK"
		SccAuxPath = "SAK"
		SccLocalPath = "SAK"
		SccProvider = "SAK"
		TargetFrameworkMoniker = ".NETFramework,Version%3Dv4.0"
		Debug.AspNetCompiler.VirtualPath = "/Argix10.Customers.Services"
		Debug.AspNetCompiler.PhysicalPath = "Argix10.Customers\Argix10.Customers.Services\"
		Debug.AspNetCompiler.TargetPath = "PrecompiledWeb\Argix10.Customers.Services\"
		Debug.AspNetCompiler.Updateable = "true"
		Debug.AspNetCompiler.ForceOverwrite = "true"
		Debug.AspNetCompiler.FixedNames = "false"
		Debug.AspNetCompiler.Debug = "True"
		Release.AspNetCompiler.VirtualPath = "/Argix10.Customers.Services"
		Release.AspNetCompiler.PhysicalPath = "Argix10.Customers\Argix10.Customers.Services\"
		Release.AspNetCompiler.TargetPath = "PrecompiledWeb\Argix10.Customers.Services\"
		Release.AspNetCompiler.Updateable = "true"
		Release.AspNetCompiler.ForceOverwrite = "true"
		Release.AspNetCompiler.FixedNames = "false"
		Release.AspNetCompiler.Debug = "False"
		VWDPort = "2421"
	EndProjectSection
EndProject
Project("{E24C65DC-7377-472B-9ABA-BC803B73C61A}") = "Argix10.HR.Services", "Argix10.HR\Argix10.HR.Services", "{618FA8A8-9270-4CAD-9D39-7E7DD1C80440}"
	ProjectSection(WebsiteProperties) = preProject
		SccProjectName = "SAK"
		SccAuxPath = "SAK"
		SccLocalPath = "SAK"
		SccProvider = "SAK"
		TargetFrameworkMoniker = ".NETFramework,Version%3Dv4.0"
		Debug.AspNetCompiler.VirtualPath = "/Argix10.HR.Services"
		Debug.AspNetCompiler.PhysicalPath = "Argix10.HR\Argix10.HR.Services\"
		Debug.AspNetCompiler.TargetPath = "PrecompiledWeb\Argix10.HR.Services\"
		Debug.AspNetCompiler.Updateable = "true"
		Debug.AspNetCompiler.ForceOverwrite = "true"
		Debug.AspNetCompiler.FixedNames = "false"
		Debug.AspNetCompiler.Debug = "True"
		Release.AspNetCompiler.VirtualPath = "/Argix10.HR.Services"
		Release.AspNetCompiler.PhysicalPath = "Argix10.HR\Argix10.HR.Services\"
		Release.AspNetCompiler.TargetPath = "PrecompiledWeb\Argix10.HR.Services\"
		Release.AspNetCompiler.Updateable = "true"
		Release.AspNetCompiler.ForceOverwrite = "true"
		Release.AspNetCompiler.FixedNames = "false"
		Release.AspNetCompiler.Debug = "False"
		VWDPort = "2443"
	EndProjectSection
EndProject
Project("{FAE04EC0-301F-11D3-BF4B-00C04F79EFBC}") = "Argix10.AppLogging.Lib", "Argix10.Services\Argix10.AppLogging.Lib\Argix10.AppLogging.Lib.csproj", "{FB3C06D4-CC59-42AE-9594-37E918B423B3}"
EndProject
Project("{FAE04EC0-301F-11D3-BF4B-00C04F79EFBC}") = "Argix10.Configuration.Lib", "Argix10.Services\Argix10.Configuration.Lib\Argix10.Configuration.Lib.csproj", "{0A655BEF-FAAB-49C8-AFCD-BEC64C2646D1}"
EndProject
Project("{E24C65DC-7377-472B-9ABA-BC803B73C61A}") = "Argix10.AgentLineHaul.Services", "Argix10.AgentLineHaul\Argix10.AgentLineHaul.Services", "{739D8289-63DF-4CE0-8876-7B2FD6CCAB52}"
	ProjectSection(WebsiteProperties) = preProject
		SccProjectName = "SAK"
		SccAuxPath = "SAK"
		SccLocalPath = "SAK"
		SccProvider = "SAK"
		TargetFrameworkMoniker = ".NETFramework,Version%3Dv4.0"
		Debug.AspNetCompiler.VirtualPath = "/Argix10.AgentLineHaul.Services"
		Debug.AspNetCompiler.PhysicalPath = "Argix10.AgentLineHaul\Argix10.AgentLineHaul.Services\"
		Debug.AspNetCompiler.TargetPath = "PrecompiledWeb\Argix10.AgentLineHaul.Services\"
		Debug.AspNetCompiler.Updateable = "true"
		Debug.AspNetCompiler.ForceOverwrite = "true"
		Debug.AspNetCompiler.FixedNames = "false"
		Debug.AspNetCompiler.Debug = "True"
		Release.AspNetCompiler.VirtualPath = "/Argix10.AgentLineHaul.Services"
		Release.AspNetCompiler.PhysicalPath = "Argix10.AgentLineHaul\Argix10.AgentLineHaul.Services\"
		Release.AspNetCompiler.TargetPath = "PrecompiledWeb\Argix10.AgentLineHaul.Services\"
		Release.AspNetCompiler.Updateable = "true"
		Release.AspNetCompiler.ForceOverwrite = "true"
		Release.AspNetCompiler.FixedNames = "false"
		Release.AspNetCompiler.Debug = "False"
		VWDPort = "38380"
	EndProjectSection
EndProject
Project("{E24C65DC-7377-472B-9ABA-BC803B73C61A}") = "Argix10.Terminals.Services", "Argix10.Terminals\Argix10.Terminals.Services", "{23EFE2BA-BE0B-4F0A-9E7C-74B8BD4FE583}"
	ProjectSection(WebsiteProperties) = preProject
		SccProjectName = "SAK"
		SccAuxPath = "SAK"
		SccLocalPath = "SAK"
		SccProvider = "SAK"
		TargetFrameworkMoniker = ".NETFramework,Version%3Dv4.0"
		Debug.AspNetCompiler.VirtualPath = "/Argix10.Terminals.Services"
		Debug.AspNetCompiler.PhysicalPath = "Argix10.Terminals\Argix10.Terminals.Services\"
		Debug.AspNetCompiler.TargetPath = "PrecompiledWeb\Argix10.Terminals.Services\"
		Debug.AspNetCompiler.Updateable = "true"
		Debug.AspNetCompiler.ForceOverwrite = "true"
		Debug.AspNetCompiler.FixedNames = "false"
		Debug.AspNetCompiler.Debug = "True"
		Release.AspNetCompiler.VirtualPath = "/Argix10.Terminals.Services"
		Release.AspNetCompiler.PhysicalPath = "Argix10.Terminals\Argix10.Terminals.Services\"
		Release.AspNetCompiler.TargetPath = "PrecompiledWeb\Argix10.Terminals.Services\"
		Release.AspNetCompiler.Updateable = "true"
		Release.AspNetCompiler.ForceOverwrite = "true"
		Release.AspNetCompiler.FixedNames = "false"
		Release.AspNetCompiler.Debug = "False"
		VWDPort = "42462"
	EndProjectSection
EndProject
Project("{E24C65DC-7377-472B-9ABA-BC803B73C61A}") = "Argix10.Freight.Services", "Argix10.Freight\Argix10.Freight.Services", "{495E7B40-9D6D-4B4D-933B-9DFE015315C5}"
	ProjectSection(WebsiteProperties) = preProject
		SccProjectName = "SAK"
		SccAuxPath = "SAK"
		SccLocalPath = "SAK"
		SccProvider = "SAK"
		TargetFrameworkMoniker = ".NETFramework,Version%3Dv4.0"
		Debug.AspNetCompiler.VirtualPath = "/Argix10.Freight.Services"
		Debug.AspNetCompiler.PhysicalPath = "Argix10.Freight\Argix10.Freight.Services\"
		Debug.AspNetCompiler.TargetPath = "PrecompiledWeb\Argix10.Freight.Services\"
		Debug.AspNetCompiler.Updateable = "true"
		Debug.AspNetCompiler.ForceOverwrite = "true"
		Debug.AspNetCompiler.FixedNames = "false"
		Debug.AspNetCompiler.Debug = "True"
		Release.AspNetCompiler.VirtualPath = "/Argix10.Freight.Services"
		Release.AspNetCompiler.PhysicalPath = "Argix10.Freight\Argix10.Freight.Services\"
		Release.AspNetCompiler.TargetPath = "PrecompiledWeb\Argix10.Freight.Services\"
		Release.AspNetCompiler.Updateable = "true"
		Release.AspNetCompiler.ForceOverwrite = "true"
		Release.AspNetCompiler.FixedNames = "false"
		Release.AspNetCompiler.Debug = "False"
		VWDPort = "49114"
	EndProjectSection
EndProject
Project("{FAE04EC0-301F-11D3-BF4B-00C04F79EFBC}") = "Argix10.Data.Lib", "Argix10.Services\Argix10.Data.Lib\Argix10.Data.Lib.csproj", "{1F1F8EA5-FCAF-428D-BF4C-FDCB74DC3949}"
EndProject
Project("{FAE04EC0-301F-11D3-BF4B-00C04F79EFBC}") = "Argix10.Reminders.Lib", "Argix10.Services\Argix10.Reminders.Lib\Argix10.Reminders.Lib.csproj", "{2FD5E40B-7CA6-4A70-86BB-9CD8E08B9530}"
EndProject
Global
	GlobalSection(TeamFoundationVersionControl) = preSolution
		SccNumberOfProjects = 12
		SccEnterpriseProvider = {4CA58AB2-18FA-4F8D-95D4-32DDF27D184C}
		SccTeamFoundationServer = http://rgxvmdev:8080/tfs/argix10
		SccProjectUniqueName0 = Argix10.Services\\Argix10.Windows.Lib\\Argix10.Windows.Lib.csproj
		SccProjectName0 = Argix10.Services/Argix10.Windows.Lib
		SccAuxPath0 = http://rgxvmdev:8080/tfs/argix10
		SccLocalPath0 = Argix10.Services\\Argix10.Windows.Lib
		SccProvider0 = {4CA58AB2-18FA-4F8D-95D4-32DDF27D184C}
		SccProjectUniqueName1 = Argix10.Services\\Argix10.Export.Lib\\Argix10.Export.Lib.csproj
		SccProjectName1 = Argix10.Services/Argix10.Export.Lib
		SccAuxPath1 = http://rgxvmdev:8080/tfs/argix10
		SccLocalPath1 = Argix10.Services\\Argix10.Export.Lib
		SccProvider1 = {4CA58AB2-18FA-4F8D-95D4-32DDF27D184C}
		SccWebProject2 = true
		SccProjectUniqueName2 = Argix10.Finance\\Argix10.Finance.Services
		SccProjectName2 = Argix10.Finance/Argix10.Finance.Services
		SccAuxPath2 = http://rgxvmdev:8080/tfs/argix10
		SccLocalPath2 = Argix10.Finance\\Argix10.Finance.Services
		SccProvider2 = {4CA58AB2-18FA-4F8D-95D4-32DDF27D184C}
		SccProjectEnlistmentChoice2 = 2
		SccWebProject3 = true
		SccProjectUniqueName3 = Argix10.Customers\\Argix10.Customers.Services
		SccProjectName3 = Argix10.Customers/Argix10.Customers.Services
		SccAuxPath3 = http://rgxvmdev:8080/tfs/argix10
		SccLocalPath3 = Argix10.Customers\\Argix10.Customers.Services
		SccProvider3 = {4CA58AB2-18FA-4F8D-95D4-32DDF27D184C}
		SccProjectEnlistmentChoice3 = 2
		SccWebProject4 = true
		SccProjectUniqueName4 = Argix10.HR\\Argix10.HR.Services
		SccProjectName4 = Argix10.HR/Argix10.HR.Services
		SccAuxPath4 = http://rgxvmdev:8080/tfs/argix10
		SccLocalPath4 = Argix10.HR\\Argix10.HR.Services
		SccProvider4 = {4CA58AB2-18FA-4F8D-95D4-32DDF27D184C}
		SccProjectEnlistmentChoice4 = 2
		SccProjectUniqueName5 = Argix10.Services\\Argix10.AppLogging.Lib\\Argix10.AppLogging.Lib.csproj
		SccProjectName5 = Argix10.Services/Argix10.AppLogging.Lib
		SccAuxPath5 = http://rgxvmdev:8080/tfs/argix10
		SccLocalPath5 = Argix10.Services\\Argix10.AppLogging.Lib
		SccProvider5 = {4CA58AB2-18FA-4F8D-95D4-32DDF27D184C}
		SccProjectUniqueName6 = Argix10.Services\\Argix10.Configuration.Lib\\Argix10.Configuration.Lib.csproj
		SccProjectName6 = Argix10.Services/Argix10.Configuration.Lib
		SccAuxPath6 = http://rgxvmdev:8080/tfs/argix10
		SccLocalPath6 = Argix10.Services\\Argix10.Configuration.Lib
		SccProvider6 = {4CA58AB2-18FA-4F8D-95D4-32DDF27D184C}
		SccWebProject7 = true
		SccProjectUniqueName7 = Argix10.AgentLineHaul\\Argix10.AgentLineHaul.Services
		SccProjectName7 = Argix10.AgentLineHaul/Argix10.AgentLineHaul.Services
		SccAuxPath7 = http://rgxvmdev:8080/tfs/argix10
		SccLocalPath7 = Argix10.AgentLineHaul\\Argix10.AgentLineHaul.Services
		SccProvider7 = {4CA58AB2-18FA-4F8D-95D4-32DDF27D184C}
		SccProjectEnlistmentChoice7 = 2
		SccWebProject8 = true
		SccProjectUniqueName8 = Argix10.Terminals\\Argix10.Terminals.Services
		SccProjectName8 = Argix10.Terminals/Argix10.Terminals.Services
		SccAuxPath8 = http://rgxvmdev:8080/tfs/argix10
		SccLocalPath8 = Argix10.Terminals\\Argix10.Terminals.Services
		SccProvider8 = {4CA58AB2-18FA-4F8D-95D4-32DDF27D184C}
		SccProjectEnlistmentChoice8 = 2
		SccWebProject9 = true
		SccProjectUniqueName9 = Argix10.Freight\\Argix10.Freight.Services
		SccProjectName9 = Argix10.Freight/Argix10.Freight.Services
		SccAuxPath9 = http://rgxvmdev:8080/tfs/argix10
		SccLocalPath9 = Argix10.Freight\\Argix10.Freight.Services
		SccProvider9 = {4CA58AB2-18FA-4F8D-95D4-32DDF27D184C}
		SccProjectEnlistmentChoice9 = 2
		SccProjectUniqueName10 = Argix10.Services\\Argix10.Data.Lib\\Argix10.Data.Lib.csproj
		SccProjectName10 = Argix10.Services/Argix10.Data.Lib
		SccAuxPath10 = http://rgxvmdev:8080/tfs/argix10
		SccLocalPath10 = Argix10.Services\\Argix10.Data.Lib
		SccProvider10 = {4CA58AB2-18FA-4F8D-95D4-32DDF27D184C}
		SccProjectUniqueName11 = Argix10.Services\\Argix10.Reminders.Lib\\Argix10.Reminders.Lib.csproj
		SccProjectName11 = Argix10.Services/Argix10.Reminders.Lib
		SccAuxPath11 = http://rgxvmdev:8080/tfs/argix10
		SccLocalPath11 = Argix10.Services\\Argix10.Reminders.Lib
		SccProvider11 = {4CA58AB2-18FA-4F8D-95D4-32DDF27D184C}
	EndGlobalSection
	GlobalSection(SolutionConfigurationPlatforms) = preSolution
		Debug|Any CPU = Debug|Any CPU
		Release|Any CPU = Release|Any CPU
	EndGlobalSection
	GlobalSection(ProjectConfigurationPlatforms) = postSolution
		{ADDB2780-44A5-42F6-8B5F-14B030ED6136}.Debug|Any CPU.ActiveCfg = Debug|Any CPU
		{ADDB2780-44A5-42F6-8B5F-14B030ED6136}.Debug|Any CPU.Build.0 = Debug|Any CPU
		{ADDB2780-44A5-42F6-8B5F-14B030ED6136}.Release|Any CPU.ActiveCfg = Release|Any CPU
		{ADDB2780-44A5-42F6-8B5F-14B030ED6136}.Release|Any CPU.Build.0 = Release|Any CPU
		{70217C9D-693E-48BD-A878-582506321D26}.Debug|Any CPU.ActiveCfg = Debug|Any CPU
		{70217C9D-693E-48BD-A878-582506321D26}.Debug|Any CPU.Build.0 = Debug|Any CPU
		{70217C9D-693E-48BD-A878-582506321D26}.Release|Any CPU.ActiveCfg = Release|Any CPU
		{70217C9D-693E-48BD-A878-582506321D26}.Release|Any CPU.Build.0 = Release|Any CPU
		{0EAAB9D3-DF63-4B50-9DBD-AC704352BE2C}.Debug|Any CPU.ActiveCfg = Debug|Any CPU
		{0EAAB9D3-DF63-4B50-9DBD-AC704352BE2C}.Debug|Any CPU.Build.0 = Debug|Any CPU
		{0EAAB9D3-DF63-4B50-9DBD-AC704352BE2C}.Release|Any CPU.ActiveCfg = Debug|Any CPU
		{0EAAB9D3-DF63-4B50-9DBD-AC704352BE2C}.Release|Any CPU.Build.0 = Debug|Any CPU
		{862EA24A-0E68-45E1-877B-C11F757BF18A}.Debug|Any CPU.ActiveCfg = Debug|Any CPU
		{862EA24A-0E68-45E1-877B-C11F757BF18A}.Debug|Any CPU.Build.0 = Debug|Any CPU
		{862EA24A-0E68-45E1-877B-C11F757BF18A}.Release|Any CPU.ActiveCfg = Debug|Any CPU
		{862EA24A-0E68-45E1-877B-C11F757BF18A}.Release|Any CPU.Build.0 = Debug|Any CPU
		{618FA8A8-9270-4CAD-9D39-7E7DD1C80440}.Debug|Any CPU.ActiveCfg = Debug|Any CPU
		{618FA8A8-9270-4CAD-9D39-7E7DD1C80440}.Debug|Any CPU.Build.0 = Debug|Any CPU
		{618FA8A8-9270-4CAD-9D39-7E7DD1C80440}.Release|Any CPU.ActiveCfg = Debug|Any CPU
		{618FA8A8-9270-4CAD-9D39-7E7DD1C80440}.Release|Any CPU.Build.0 = Debug|Any CPU
		{FB3C06D4-CC59-42AE-9594-37E918B423B3}.Debug|Any CPU.ActiveCfg = Debug|Any CPU
		{FB3C06D4-CC59-42AE-9594-37E918B423B3}.Debug|Any CPU.Build.0 = Debug|Any CPU
		{FB3C06D4-CC59-42AE-9594-37E918B423B3}.Release|Any CPU.ActiveCfg = Release|Any CPU
		{FB3C06D4-CC59-42AE-9594-37E918B423B3}.Release|Any CPU.Build.0 = Release|Any CPU
		{0A655BEF-FAAB-49C8-AFCD-BEC64C2646D1}.Debug|Any CPU.ActiveCfg = Debug|Any CPU
		{0A655BEF-FAAB-49C8-AFCD-BEC64C2646D1}.Debug|Any CPU.Build.0 = Debug|Any CPU
		{0A655BEF-FAAB-49C8-AFCD-BEC64C2646D1}.Release|Any CPU.ActiveCfg = Release|Any CPU
		{0A655BEF-FAAB-49C8-AFCD-BEC64C2646D1}.Release|Any CPU.Build.0 = Release|Any CPU
		{739D8289-63DF-4CE0-8876-7B2FD6CCAB52}.Debug|Any CPU.ActiveCfg = Debug|Any CPU
		{739D8289-63DF-4CE0-8876-7B2FD6CCAB52}.Debug|Any CPU.Build.0 = Debug|Any CPU
		{739D8289-63DF-4CE0-8876-7B2FD6CCAB52}.Release|Any CPU.ActiveCfg = Debug|Any CPU
		{739D8289-63DF-4CE0-8876-7B2FD6CCAB52}.Release|Any CPU.Build.0 = Debug|Any CPU
		{23EFE2BA-BE0B-4F0A-9E7C-74B8BD4FE583}.Debug|Any CPU.ActiveCfg = Debug|Any CPU
		{23EFE2BA-BE0B-4F0A-9E7C-74B8BD4FE583}.Debug|Any CPU.Build.0 = Debug|Any CPU
		{23EFE2BA-BE0B-4F0A-9E7C-74B8BD4FE583}.Release|Any CPU.ActiveCfg = Debug|Any CPU
		{23EFE2BA-BE0B-4F0A-9E7C-74B8BD4FE583}.Release|Any CPU.Build.0 = Debug|Any CPU
		{495E7B40-9D6D-4B4D-933B-9DFE015315C5}.Debug|Any CPU.ActiveCfg = Debug|Any CPU
		{495E7B40-9D6D-4B4D-933B-9DFE015315C5}.Debug|Any CPU.Build.0 = Debug|Any CPU
		{495E7B40-9D6D-4B4D-933B-9DFE015315C5}.Release|Any CPU.ActiveCfg = Debug|Any CPU
		{495E7B40-9D6D-4B4D-933B-9DFE015315C5}.Release|Any CPU.Build.0 = Debug|Any CPU
		{1F1F8EA5-FCAF-428D-BF4C-FDCB74DC3949}.Debug|Any CPU.ActiveCfg = Debug|Any CPU
		{1F1F8EA5-FCAF-428D-BF4C-FDCB74DC3949}.Debug|Any CPU.Build.0 = Debug|Any CPU
		{1F1F8EA5-FCAF-428D-BF4C-FDCB74DC3949}.Release|Any CPU.ActiveCfg = Release|Any CPU
		{1F1F8EA5-FCAF-428D-BF4C-FDCB74DC3949}.Release|Any CPU.Build.0 = Release|Any CPU
		{2FD5E40B-7CA6-4A70-86BB-9CD8E08B9530}.Debug|Any CPU.ActiveCfg = Debug|Any CPU
		{2FD5E40B-7CA6-4A70-86BB-9CD8E08B9530}.Debug|Any CPU.Build.0 = Debug|Any CPU
		{2FD5E40B-7CA6-4A70-86BB-9CD8E08B9530}.Release|Any CPU.ActiveCfg = Release|Any CPU
		{2FD5E40B-7CA6-4A70-86BB-9CD8E08B9530}.Release|Any CPU.Build.0 = Release|Any CPU
	EndGlobalSection
	GlobalSection(SolutionProperties) = preSolution
		HideSolutionNode = FALSE
	EndGlobalSection
	GlobalSection(TeamFoundationVersionControl) = preSolution
		SccNumberOfProjects = 12
		SccEnterpriseProvider = {4CA58AB2-18FA-4F8D-95D4-32DDF27D184C}
		SccTeamFoundationServer = http://rgxvmdev:8080/tfs/argix10
		SccProjectUniqueName0 = Argix10.Services\\Argix10.Windows.Lib\\Argix10.Windows.Lib.csproj
		SccProjectName0 = Argix10.Services/Argix10.Windows.Lib
		SccAuxPath0 = http://rgxvmdev:8080/tfs/argix10
		SccLocalPath0 = Argix10.Services\\Argix10.Windows.Lib
		SccProvider0 = {4CA58AB2-18FA-4F8D-95D4-32DDF27D184C}
		SccProjectUniqueName1 = Argix10.Services\\Argix10.Export.Lib\\Argix10.Export.Lib.csproj
		SccProjectName1 = Argix10.Services/Argix10.Export.Lib
		SccAuxPath1 = http://rgxvmdev:8080/tfs/argix10
		SccLocalPath1 = Argix10.Services\\Argix10.Export.Lib
		SccProvider1 = {4CA58AB2-18FA-4F8D-95D4-32DDF27D184C}
		SccWebProject2 = true
		SccProjectUniqueName2 = Argix10.Finance\\Argix10.Finance.Services
		SccProjectName2 = Argix10.Finance/Argix10.Finance.Services
		SccAuxPath2 = http://rgxvmdev:8080/tfs/argix10
		SccLocalPath2 = Argix10.Finance\\Argix10.Finance.Services
		SccProvider2 = {4CA58AB2-18FA-4F8D-95D4-32DDF27D184C}
		SccProjectEnlistmentChoice2 = 2
		SccWebProject3 = true
		SccProjectUniqueName3 = Argix10.Customers\\Argix10.Customers.Services
		SccProjectName3 = Argix10.Customers/Argix10.Customers.Services
		SccAuxPath3 = http://rgxvmdev:8080/tfs/argix10
		SccLocalPath3 = Argix10.Customers\\Argix10.Customers.Services
		SccProvider3 = {4CA58AB2-18FA-4F8D-95D4-32DDF27D184C}
		SccProjectEnlistmentChoice3 = 2
		SccWebProject4 = true
		SccProjectUniqueName4 = Argix10.HR\\Argix10.HR.Services
		SccProjectName4 = Argix10.HR/Argix10.HR.Services
		SccAuxPath4 = http://rgxvmdev:8080/tfs/argix10
		SccLocalPath4 = Argix10.HR\\Argix10.HR.Services
		SccProvider4 = {4CA58AB2-18FA-4F8D-95D4-32DDF27D184C}
		SccProjectEnlistmentChoice4 = 2
		SccProjectUniqueName5 = Argix10.Services\\Argix10.AppLogging.Lib\\Argix10.AppLogging.Lib.csproj
		SccProjectName5 = Argix10.Services/Argix10.AppLogging.Lib
		SccAuxPath5 = http://rgxvmdev:8080/tfs/argix10
		SccLocalPath5 = Argix10.Services\\Argix10.AppLogging.Lib
		SccProvider5 = {4CA58AB2-18FA-4F8D-95D4-32DDF27D184C}
		SccProjectUniqueName6 = Argix10.Services\\Argix10.Configuration.Lib\\Argix10.Configuration.Lib.csproj
		SccProjectName6 = Argix10.Services/Argix10.Configuration.Lib
		SccAuxPath6 = http://rgxvmdev:8080/tfs/argix10
		SccLocalPath6 = Argix10.Services\\Argix10.Configuration.Lib
		SccProvider6 = {4CA58AB2-18FA-4F8D-95D4-32DDF27D184C}
		SccWebProject7 = true
		SccProjectUniqueName7 = Argix10.AgentLineHaul\\Argix10.AgentLineHaul.Services
		SccProjectName7 = Argix10.AgentLineHaul/Argix10.AgentLineHaul.Services
		SccAuxPath7 = http://rgxvmdev:8080/tfs/argix10
		SccLocalPath7 = Argix10.AgentLineHaul\\Argix10.AgentLineHaul.Services
		SccProvider7 = {4CA58AB2-18FA-4F8D-95D4-32DDF27D184C}
		SccProjectEnlistmentChoice7 = 2
		SccWebProject8 = true
		SccProjectUniqueName8 = Argix10.Terminals\\Argix10.Terminals.Services
		SccProjectName8 = Argix10.Terminals/Argix10.Terminals.Services
		SccAuxPath8 = http://rgxvmdev:8080/tfs/argix10
		SccLocalPath8 = Argix10.Terminals\\Argix10.Terminals.Services
		SccProvider8 = {4CA58AB2-18FA-4F8D-95D4-32DDF27D184C}
		SccProjectEnlistmentChoice8 = 2
		SccWebProject9 = true
		SccProjectUniqueName9 = Argix10.Freight\\Argix10.Freight.Services
		SccProjectName9 = Argix10.Freight/Argix10.Freight.Services
		SccAuxPath9 = http://rgxvmdev:8080/tfs/argix10
		SccLocalPath9 = Argix10.Freight\\Argix10.Freight.Services
		SccProvider9 = {4CA58AB2-18FA-4F8D-95D4-32DDF27D184C}
		SccProjectEnlistmentChoice9 = 2
		SccProjectUniqueName10 = Argix10.Services\\Argix10.Data.Lib\\Argix10.Data.Lib.csproj
		SccProjectName10 = Argix10.Services/Argix10.Data.Lib
		SccAuxPath10 = http://rgxvmdev:8080/tfs/argix10
		SccLocalPath10 = Argix10.Services\\Argix10.Data.Lib
		SccProvider10 = {4CA58AB2-18FA-4F8D-95D4-32DDF27D184C}
		SccProjectUniqueName11 = Argix10.Services\\Argix10.Reminders.Lib\\Argix10.Reminders.Lib.csproj
		SccProjectName11 = Argix10.Services/Argix10.Reminders.Lib
		SccAuxPath11 = http://rgxvmdev:8080/tfs/argix10
		SccLocalPath11 = Argix10.Services\\Argix10.Reminders.Lib
		SccProvider11 = {4CA58AB2-18FA-4F8D-95D4-32DDF27D184C}
	EndGlobalSection
	GlobalSection(TeamFoundationVersionControl) = preSolution
		SccNumberOfProjects = 11
		SccEnterpriseProvider = {4CA58AB2-18FA-4F8D-95D4-32DDF27D184C}
		SccTeamFoundationServer = http://rgxvmdev:8080/tfs/argix10
		SccProjectUniqueName0 = Argix10.Services\\Argix10.Windows.Lib\\Argix10.Windows.Lib.csproj
		SccProjectName0 = Argix10.Services/Argix10.Windows.Lib
		SccAuxPath0 = http://rgxvmdev:8080/tfs/argix10
		SccLocalPath0 = Argix10.Services\\Argix10.Windows.Lib
		SccProvider0 = {4CA58AB2-18FA-4F8D-95D4-32DDF27D184C}
		SccProjectUniqueName1 = Argix10.Services\\Argix10.Export.Lib\\Argix10.Export.Lib.csproj
		SccProjectName1 = Argix10.Services/Argix10.Export.Lib
		SccAuxPath1 = http://rgxvmdev:8080/tfs/argix10
		SccLocalPath1 = Argix10.Services\\Argix10.Export.Lib
		SccProvider1 = {4CA58AB2-18FA-4F8D-95D4-32DDF27D184C}
		SccWebProject2 = true
		SccProjectUniqueName2 = Argix10.Finance\\Argix10.Finance.Services
		SccProjectName2 = Argix10.Finance/Argix10.Finance.Services
		SccAuxPath2 = http://rgxvmdev:8080/tfs/argix10
		SccLocalPath2 = Argix10.Finance\\Argix10.Finance.Services
		SccProvider2 = {4CA58AB2-18FA-4F8D-95D4-32DDF27D184C}
		SccProjectEnlistmentChoice2 = 2
		SccWebProject3 = true
		SccProjectUniqueName3 = Argix10.Customers\\Argix10.Customers.Services
		SccProjectName3 = Argix10.Customers/Argix10.Customers.Services
		SccAuxPath3 = http://rgxvmdev:8080/tfs/argix10
		SccLocalPath3 = Argix10.Customers\\Argix10.Customers.Services
		SccProvider3 = {4CA58AB2-18FA-4F8D-95D4-32DDF27D184C}
		SccProjectEnlistmentChoice3 = 2
		SccWebProject4 = true
		SccProjectUniqueName4 = Argix10.HR\\Argix10.HR.Services
		SccProjectName4 = Argix10.HR/Argix10.HR.Services
		SccAuxPath4 = http://rgxvmdev:8080/tfs/argix10
		SccLocalPath4 = Argix10.HR\\Argix10.HR.Services
		SccProvider4 = {4CA58AB2-18FA-4F8D-95D4-32DDF27D184C}
		SccProjectEnlistmentChoice4 = 2
		SccProjectUniqueName5 = Argix10.Services\\Argix10.AppLogging.Lib\\Argix10.AppLogging.Lib.csproj
		SccProjectName5 = Argix10.Services/Argix10.AppLogging.Lib
		SccAuxPath5 = http://rgxvmdev:8080/tfs/argix10
		SccLocalPath5 = Argix10.Services\\Argix10.AppLogging.Lib
		SccProvider5 = {4CA58AB2-18FA-4F8D-95D4-32DDF27D184C}
		SccProjectUniqueName6 = Argix10.Services\\Argix10.Configuration.Lib\\Argix10.Configuration.Lib.csproj
		SccProjectName6 = Argix10.Services/Argix10.Configuration.Lib
		SccAuxPath6 = http://rgxvmdev:8080/tfs/argix10
		SccLocalPath6 = Argix10.Services\\Argix10.Configuration.Lib
		SccProvider6 = {4CA58AB2-18FA-4F8D-95D4-32DDF27D184C}
		SccWebProject7 = true
		SccProjectUniqueName7 = Argix10.AgentLineHaul\\Argix10.AgentLineHaul.Services
		SccProjectName7 = Argix10.AgentLineHaul/Argix10.AgentLineHaul.Services
		SccAuxPath7 = http://rgxvmdev:8080/tfs/argix10
		SccLocalPath7 = Argix10.AgentLineHaul\\Argix10.AgentLineHaul.Services
		SccProvider7 = {4CA58AB2-18FA-4F8D-95D4-32DDF27D184C}
		SccProjectEnlistmentChoice7 = 2
		SccWebProject8 = true
		SccProjectUniqueName8 = Argix10.Terminals\\Argix10.Terminals.Services
		SccProjectName8 = Argix10.Terminals/Argix10.Terminals.Services
		SccAuxPath8 = http://rgxvmdev:8080/tfs/argix10
		SccLocalPath8 = Argix10.Terminals\\Argix10.Terminals.Services
		SccProvider8 = {4CA58AB2-18FA-4F8D-95D4-32DDF27D184C}
		SccProjectEnlistmentChoice8 = 2
		SccWebProject9 = true
		SccProjectUniqueName9 = Argix10.Freight\\Argix10.Freight.Services
		SccProjectName9 = Argix10.Freight/Argix10.Freight.Services
		SccAuxPath9 = http://rgxvmdev:8080/tfs/argix10
		SccLocalPath9 = Argix10.Freight\\Argix10.Freight.Services
		SccProvider9 = {4CA58AB2-18FA-4F8D-95D4-32DDF27D184C}
		SccProjectEnlistmentChoice9 = 2
		SccProjectUniqueName10 = Argix10.Services\\Argix10.Data.Lib\\Argix10.Data.Lib.csproj
		SccProjectName10 = Argix10.Services/Argix10.Data.Lib
		SccAuxPath10 = http://rgxvmdev:8080/tfs/argix10
		SccLocalPath10 = Argix10.Services\\Argix10.Data.Lib
		SccProvider10 = {4CA58AB2-18FA-4F8D-95D4-32DDF27D184C}
	EndGlobalSection
	GlobalSection(TeamFoundationVersionControl) = preSolution
		SccNumberOfProjects = 11
		SccEnterpriseProvider = {4CA58AB2-18FA-4F8D-95D4-32DDF27D184C}
		SccTeamFoundationServer = http://rgxvmdev:8080/tfs/argix10
		SccProjectUniqueName0 = Argix10.Services\\Argix10.Windows.Lib\\Argix10.Windows.Lib.csproj
		SccProjectName0 = Argix10.Services/Argix10.Windows.Lib
		SccAuxPath0 = http://rgxvmdev:8080/tfs/argix10
		SccLocalPath0 = Argix10.Services\\Argix10.Windows.Lib
		SccProvider0 = {4CA58AB2-18FA-4F8D-95D4-32DDF27D184C}
		SccProjectUniqueName1 = Argix10.Services\\Argix10.Export.Lib\\Argix10.Export.Lib.csproj
		SccProjectName1 = Argix10.Services/Argix10.Export.Lib
		SccAuxPath1 = http://rgxvmdev:8080/tfs/argix10
		SccLocalPath1 = Argix10.Services\\Argix10.Export.Lib
		SccProvider1 = {4CA58AB2-18FA-4F8D-95D4-32DDF27D184C}
		SccWebProject2 = true
		SccProjectUniqueName2 = Argix10.Finance\\Argix10.Finance.Services
		SccProjectName2 = Argix10.Finance/Argix10.Finance.Services
		SccAuxPath2 = http://rgxvmdev:8080/tfs/argix10
		SccLocalPath2 = Argix10.Finance\\Argix10.Finance.Services
		SccProvider2 = {4CA58AB2-18FA-4F8D-95D4-32DDF27D184C}
		SccProjectEnlistmentChoice2 = 2
		SccWebProject3 = true
		SccProjectUniqueName3 = Argix10.Customers\\Argix10.Customers.Services
		SccProjectName3 = Argix10.Customers/Argix10.Customers.Services
		SccAuxPath3 = http://rgxvmdev:8080/tfs/argix10
		SccLocalPath3 = Argix10.Customers\\Argix10.Customers.Services
		SccProvider3 = {4CA58AB2-18FA-4F8D-95D4-32DDF27D184C}
		SccProjectEnlistmentChoice3 = 2
		SccWebProject4 = true
		SccProjectUniqueName4 = Argix10.HR\\Argix10.HR.Services
		SccProjectName4 = Argix10.HR/Argix10.HR.Services
		SccAuxPath4 = http://rgxvmdev:8080/tfs/argix10
		SccLocalPath4 = Argix10.HR\\Argix10.HR.Services
		SccProvider4 = {4CA58AB2-18FA-4F8D-95D4-32DDF27D184C}
		SccProjectEnlistmentChoice4 = 2
		SccProjectUniqueName5 = Argix10.Services\\Argix10.AppLogging.Lib\\Argix10.AppLogging.Lib.csproj
		SccProjectName5 = Argix10.Services/Argix10.AppLogging.Lib
		SccAuxPath5 = http://rgxvmdev:8080/tfs/argix10
		SccLocalPath5 = Argix10.Services\\Argix10.AppLogging.Lib
		SccProvider5 = {4CA58AB2-18FA-4F8D-95D4-32DDF27D184C}
		SccProjectUniqueName6 = Argix10.Services\\Argix10.Configuration.Lib\\Argix10.Configuration.Lib.csproj
		SccProjectName6 = Argix10.Services/Argix10.Configuration.Lib
		SccAuxPath6 = http://rgxvmdev:8080/tfs/argix10
		SccLocalPath6 = Argix10.Services\\Argix10.Configuration.Lib
		SccProvider6 = {4CA58AB2-18FA-4F8D-95D4-32DDF27D184C}
		SccWebProject7 = true
		SccProjectUniqueName7 = Argix10.AgentLineHaul\\Argix10.AgentLineHaul.Services
		SccProjectName7 = Argix10.AgentLineHaul/Argix10.AgentLineHaul.Services
		SccAuxPath7 = http://rgxvmdev:8080/tfs/argix10
		SccLocalPath7 = Argix10.AgentLineHaul\\Argix10.AgentLineHaul.Services
		SccProvider7 = {4CA58AB2-18FA-4F8D-95D4-32DDF27D184C}
		SccProjectEnlistmentChoice7 = 2
		SccWebProject8 = true
		SccProjectUniqueName8 = Argix10.Terminals\\Argix10.Terminals.Services
		SccProjectName8 = Argix10.Terminals/Argix10.Terminals.Services
		SccAuxPath8 = http://rgxvmdev:8080/tfs/argix10
		SccLocalPath8 = Argix10.Terminals\\Argix10.Terminals.Services
		SccProvider8 = {4CA58AB2-18FA-4F8D-95D4-32DDF27D184C}
		SccProjectEnlistmentChoice8 = 2
		SccWebProject9 = true
		SccProjectUniqueName9 = Argix10.Freight\\Argix10.Freight.Services
		SccProjectName9 = Argix10.Freight/Argix10.Freight.Services
		SccAuxPath9 = http://rgxvmdev:8080/tfs/argix10
		SccLocalPath9 = Argix10.Freight\\Argix10.Freight.Services
		SccProvider9 = {4CA58AB2-18FA-4F8D-95D4-32DDF27D184C}
		SccProjectEnlistmentChoice9 = 2
		SccProjectUniqueName10 = Argix10.Services\\Argix10.Data.Lib\\Argix10.Data.Lib.csproj
		SccProjectName10 = Argix10.Services/Argix10.Data.Lib
		SccAuxPath10 = http://rgxvmdev:8080/tfs/argix10
		SccLocalPath10 = Argix10.Services\\Argix10.Data.Lib
		SccProvider10 = {4CA58AB2-18FA-4F8D-95D4-32DDF27D184C}
	EndGlobalSection
	GlobalSection(TeamFoundationVersionControl) = preSolution
		SccNumberOfProjects = 11
		SccEnterpriseProvider = {4CA58AB2-18FA-4F8D-95D4-32DDF27D184C}
		SccTeamFoundationServer = http://rgxvmdev:8080/tfs/argix10
		SccProjectUniqueName0 = Argix10.Services\\Argix10.Windows.Lib\\Argix10.Windows.Lib.csproj
		SccProjectName0 = Argix10.Services/Argix10.Windows.Lib
		SccAuxPath0 = http://rgxvmdev:8080/tfs/argix10
		SccLocalPath0 = Argix10.Services\\Argix10.Windows.Lib
		SccProvider0 = {4CA58AB2-18FA-4F8D-95D4-32DDF27D184C}
		SccProjectUniqueName1 = Argix10.Services\\Argix10.Export.Lib\\Argix10.Export.Lib.csproj
		SccProjectName1 = Argix10.Services/Argix10.Export.Lib
		SccAuxPath1 = http://rgxvmdev:8080/tfs/argix10
		SccLocalPath1 = Argix10.Services\\Argix10.Export.Lib
		SccProvider1 = {4CA58AB2-18FA-4F8D-95D4-32DDF27D184C}
		SccWebProject2 = true
		SccProjectUniqueName2 = Argix10.Finance\\Argix10.Finance.Services
		SccProjectName2 = Argix10.Finance/Argix10.Finance.Services
		SccAuxPath2 = http://rgxvmdev:8080/tfs/argix10
		SccLocalPath2 = Argix10.Finance\\Argix10.Finance.Services
		SccProvider2 = {4CA58AB2-18FA-4F8D-95D4-32DDF27D184C}
		SccProjectEnlistmentChoice2 = 2
		SccWebProject3 = true
		SccProjectUniqueName3 = Argix10.Customers\\Argix10.Customers.Services
		SccProjectName3 = Argix10.Customers/Argix10.Customers.Services
		SccAuxPath3 = http://rgxvmdev:8080/tfs/argix10
		SccLocalPath3 = Argix10.Customers\\Argix10.Customers.Services
		SccProvider3 = {4CA58AB2-18FA-4F8D-95D4-32DDF27D184C}
		SccProjectEnlistmentChoice3 = 2
		SccWebProject4 = true
		SccProjectUniqueName4 = Argix10.HR\\Argix10.HR.Services
		SccProjectName4 = Argix10.HR/Argix10.HR.Services
		SccAuxPath4 = http://rgxvmdev:8080/tfs/argix10
		SccLocalPath4 = Argix10.HR\\Argix10.HR.Services
		SccProvider4 = {4CA58AB2-18FA-4F8D-95D4-32DDF27D184C}
		SccProjectEnlistmentChoice4 = 2
		SccProjectUniqueName5 = Argix10.Services\\Argix10.AppLogging.Lib\\Argix10.AppLogging.Lib.csproj
		SccProjectName5 = Argix10.Services/Argix10.AppLogging.Lib
		SccAuxPath5 = http://rgxvmdev:8080/tfs/argix10
		SccLocalPath5 = Argix10.Services\\Argix10.AppLogging.Lib
		SccProvider5 = {4CA58AB2-18FA-4F8D-95D4-32DDF27D184C}
		SccProjectUniqueName6 = Argix10.Services\\Argix10.Configuration.Lib\\Argix10.Configuration.Lib.csproj
		SccProjectName6 = Argix10.Services/Argix10.Configuration.Lib
		SccAuxPath6 = http://rgxvmdev:8080/tfs/argix10
		SccLocalPath6 = Argix10.Services\\Argix10.Configuration.Lib
		SccProvider6 = {4CA58AB2-18FA-4F8D-95D4-32DDF27D184C}
		SccWebProject7 = true
		SccProjectUniqueName7 = Argix10.AgentLineHaul\\Argix10.AgentLineHaul.Services
		SccProjectName7 = Argix10.AgentLineHaul/Argix10.AgentLineHaul.Services
		SccAuxPath7 = http://rgxvmdev:8080/tfs/argix10
		SccLocalPath7 = Argix10.AgentLineHaul\\Argix10.AgentLineHaul.Services
		SccProvider7 = {4CA58AB2-18FA-4F8D-95D4-32DDF27D184C}
		SccProjectEnlistmentChoice7 = 2
		SccWebProject8 = true
		SccProjectUniqueName8 = Argix10.Terminals\\Argix10.Terminals.Services
		SccProjectName8 = Argix10.Terminals/Argix10.Terminals.Services
		SccAuxPath8 = http://rgxvmdev:8080/tfs/argix10
		SccLocalPath8 = Argix10.Terminals\\Argix10.Terminals.Services
		SccProvider8 = {4CA58AB2-18FA-4F8D-95D4-32DDF27D184C}
		SccProjectEnlistmentChoice8 = 2
		SccWebProject9 = true
		SccProjectUniqueName9 = Argix10.Freight\\Argix10.Freight.Services
		SccProjectName9 = Argix10.Freight/Argix10.Freight.Services
		SccAuxPath9 = http://rgxvmdev:8080/tfs/argix10
		SccLocalPath9 = Argix10.Freight\\Argix10.Freight.Services
		SccProvider9 = {4CA58AB2-18FA-4F8D-95D4-32DDF27D184C}
		SccProjectEnlistmentChoice9 = 2
		SccProjectUniqueName10 = Argix10.Services\\Argix10.Data.Lib\\Argix10.Data.Lib.csproj
		SccProjectName10 = Argix10.Services/Argix10.Data.Lib
		SccAuxPath10 = http://rgxvmdev:8080/tfs/argix10
		SccLocalPath10 = Argix10.Services\\Argix10.Data.Lib
		SccProvider10 = {4CA58AB2-18FA-4F8D-95D4-32DDF27D184C}
	EndGlobalSection
	GlobalSection(TeamFoundationVersionControl) = preSolution
		SccNumberOfProjects = 11
		SccEnterpriseProvider = {4CA58AB2-18FA-4F8D-95D4-32DDF27D184C}
		SccTeamFoundationServer = http://rgxvmdev:8080/tfs/argix10
		SccProjectUniqueName0 = Argix10.Services\\Argix10.Windows.Lib\\Argix10.Windows.Lib.csproj
		SccProjectName0 = Argix10.Services/Argix10.Windows.Lib
		SccAuxPath0 = http://rgxvmdev:8080/tfs/argix10
		SccLocalPath0 = Argix10.Services\\Argix10.Windows.Lib
		SccProvider0 = {4CA58AB2-18FA-4F8D-95D4-32DDF27D184C}
		SccWebProject1 = true
		SccProjectUniqueName1 = Argix10.Finance\\Argix10.Finance.Services
		SccProjectName1 = Argix10.Finance/Argix10.Finance.Services
		SccAuxPath1 = http://rgxvmdev:8080/tfs/argix10
		SccLocalPath1 = Argix10.Finance\\Argix10.Finance.Services
		SccProvider1 = {4CA58AB2-18FA-4F8D-95D4-32DDF27D184C}
		SccProjectEnlistmentChoice1 = 2
		SccWebProject2 = true
		SccProjectUniqueName2 = Argix10.Customers\\Argix10.Customers.Services
		SccProjectName2 = Argix10.Customers/Argix10.Customers.Services
		SccAuxPath2 = http://rgxvmdev:8080/tfs/argix10
		SccLocalPath2 = Argix10.Customers\\Argix10.Customers.Services
		SccProvider2 = {4CA58AB2-18FA-4F8D-95D4-32DDF27D184C}
		SccProjectEnlistmentChoice2 = 2
		SccWebProject3 = true
		SccProjectUniqueName3 = Argix10.HR\\Argix10.HR.Services
		SccProjectName3 = Argix10.HR/Argix10.HR.Services
		SccAuxPath3 = http://rgxvmdev:8080/tfs/argix10
		SccLocalPath3 = Argix10.HR\\Argix10.HR.Services
		SccProvider3 = {4CA58AB2-18FA-4F8D-95D4-32DDF27D184C}
		SccProjectEnlistmentChoice3 = 2
		SccWebProject4 = true
		SccProjectUniqueName4 = Argix10.AgentLineHaul\\Argix10.AgentLineHaul.Services
		SccProjectName4 = Argix10.AgentLineHaul/Argix10.AgentLineHaul.Services
		SccAuxPath4 = http://rgxvmdev:8080/tfs/argix10
		SccLocalPath4 = Argix10.AgentLineHaul\\Argix10.AgentLineHaul.Services
		SccProvider4 = {4CA58AB2-18FA-4F8D-95D4-32DDF27D184C}
		SccProjectEnlistmentChoice4 = 2
		SccWebProject5 = true
		SccProjectUniqueName5 = Argix10.Terminals\\Argix10.Terminals.Services
		SccProjectName5 = Argix10.Terminals/Argix10.Terminals.Services
		SccAuxPath5 = http://rgxvmdev:8080/tfs/argix10
		SccLocalPath5 = Argix10.Terminals\\Argix10.Terminals.Services
		SccProvider5 = {4CA58AB2-18FA-4F8D-95D4-32DDF27D184C}
		SccProjectEnlistmentChoice5 = 2
		SccWebProject6 = true
		SccProjectUniqueName6 = Argix10.Freight\\Argix10.Freight.Services
		SccProjectName6 = Argix10.Freight/Argix10.Freight.Services
		SccAuxPath6 = http://rgxvmdev:8080/tfs/argix10
		SccLocalPath6 = Argix10.Freight\\Argix10.Freight.Services
		SccProvider6 = {4CA58AB2-18FA-4F8D-95D4-32DDF27D184C}
		SccProjectEnlistmentChoice6 = 2
		SccProjectUniqueName7 = Argix10.Services\\Argix10.Data.Lib\\Argix10.Data.Lib.csproj
		SccProjectName7 = Argix10.Services/Argix10.Data.Lib
		SccAuxPath7 = http://rgxvmdev:8080/tfs/argix10
		SccLocalPath7 = Argix10.Services\\Argix10.Data.Lib
		SccProvider7 = {4CA58AB2-18FA-4F8D-95D4-32DDF27D184C}
		SccProjectUniqueName8 = Argix10.Services\\Argix10.AppLogging.Lib\\Argix10.AppLogging.Lib.csproj
		SccProjectName8 = Argix10.Services/Argix10.AppLogging.Lib
		SccAuxPath8 = http://rgxvmdev:8080/tfs/argix10
		SccLocalPath8 = Argix10.Services\\Argix10.AppLogging.Lib
		SccProvider8 = {4CA58AB2-18FA-4F8D-95D4-32DDF27D184C}
		SccProjectUniqueName9 = Argix10.Services\\Argix10.Configuration.Lib\\Argix10.Configuration.Lib.csproj
		SccProjectName9 = Argix10.Services/Argix10.Configuration.Lib
		SccAuxPath9 = http://rgxvmdev:8080/tfs/argix10
		SccLocalPath9 = Argix10.Services\\Argix10.Configuration.Lib
		SccProvider9 = {4CA58AB2-18FA-4F8D-95D4-32DDF27D184C}
		SccProjectUniqueName10 = Argix10.Services\\Argix10.Export.Lib\\Argix10.Export.Lib.csproj
		SccProjectName10 = Argix10.Services/Argix10.Export.Lib
		SccAuxPath10 = http://rgxvmdev:8080/tfs/argix10
		SccLocalPath10 = Argix10.Services\\Argix10.Export.Lib
		SccProvider10 = {4CA58AB2-18FA-4F8D-95D4-32DDF27D184C}
	EndGlobalSection
	GlobalSection(TeamFoundationVersionControl) = preSolution
		SccNumberOfProjects = 6
		SccEnterpriseProvider = {4CA58AB2-18FA-4F8D-95D4-32DDF27D184C}
		SccTeamFoundationServer = http://rgxvmdev:8080/tfs/argix10
		SccProjectUniqueName0 = Argix10.Services\\Argix10.Windows.Lib\\Argix10.Windows.Lib.csproj
		SccProjectName0 = Argix10.Services/Argix10.Windows.Lib
		SccAuxPath0 = http://rgxvmdev:8080/tfs/argix10
		SccLocalPath0 = Argix10.Services\\Argix10.Windows.Lib
		SccProvider0 = {4CA58AB2-18FA-4F8D-95D4-32DDF27D184C}
		SccWebProject1 = true
		SccProjectUniqueName1 = Argix10.Finance\\Argix10.Finance.Services
		SccProjectName1 = Argix10.Finance/Argix10.Finance.Services
		SccAuxPath1 = http://rgxvmdev:8080/tfs/argix10
		SccLocalPath1 = Argix10.Finance\\Argix10.Finance.Services
		SccProvider1 = {4CA58AB2-18FA-4F8D-95D4-32DDF27D184C}
		SccProjectEnlistmentChoice1 = 2
		SccWebProject2 = true
		SccProjectUniqueName2 = Argix10.Customers\\Argix10.Customers.Services
		SccProjectName2 = Argix10.Customers/Argix10.Customers.Services
		SccAuxPath2 = http://rgxvmdev:8080/tfs/argix10
		SccLocalPath2 = Argix10.Customers\\Argix10.Customers.Services
		SccProvider2 = {4CA58AB2-18FA-4F8D-95D4-32DDF27D184C}
		SccProjectEnlistmentChoice2 = 2
		SccProjectUniqueName3 = Argix10.Services\\Argix10.AppLogging.Lib\\Argix10.AppLogging.Lib.csproj
		SccProjectName3 = Argix10.Services/Argix10.AppLogging.Lib
		SccAuxPath3 = http://rgxvmdev:8080/tfs/argix10
		SccLocalPath3 = Argix10.Services\\Argix10.AppLogging.Lib
		SccProvider3 = {4CA58AB2-18FA-4F8D-95D4-32DDF27D184C}
		SccProjectUniqueName4 = Argix10.Services\\Argix10.Configuration.Lib\\Argix10.Configuration.Lib.csproj
		SccProjectName4 = Argix10.Services/Argix10.Configuration.Lib
		SccAuxPath4 = http://rgxvmdev:8080/tfs/argix10
		SccLocalPath4 = Argix10.Services\\Argix10.Configuration.Lib
		SccProvider4 = {4CA58AB2-18FA-4F8D-95D4-32DDF27D184C}
		SccWebProject5 = true
		SccProjectUniqueName5 = Argix10.AgentLineHaul\\Argix10.AgentLineHaul.Services
		SccProjectName5 = Argix10.AgentLineHaul/Argix10.AgentLineHaul.Services
		SccAuxPath5 = http://rgxvmdev:8080/tfs/argix10
		SccLocalPath5 = Argix10.AgentLineHaul\\Argix10.AgentLineHaul.Services
		SccProvider5 = {4CA58AB2-18FA-4F8D-95D4-32DDF27D184C}
		SccProjectEnlistmentChoice5 = 2
	EndGlobalSection
EndGlobal
