
Microsoft Visual Studio Solution File, Format Version 11.00
# Visual Studio 2010
Project("{E24C65DC-7377-472B-9ABA-BC803B73C61A}") = "Argix10.HR.Services", "Argix10.HR\Argix10.HR.Services", "{B80EE8C2-97FA-416A-B86B-3B88757AF775}"
	ProjectSection(WebsiteProperties) = preProject
		SccProjectName = "SAK"
		SccAuxPath = "SAK"
		SccLocalPath = "SAK"
		SccProvider = "SAK"
		TargetFrameworkMoniker = ".NETFramework,Version%3Dv4.0"
		Debug.AspNetCompiler.VirtualPath = "/Argix10.HR.Services"
		Debug.AspNetCompiler.PhysicalPath = "Argix10.HR\Argix10.HR.Services\"
		Debug.AspNetCompiler.TargetPath = "PrecompiledWeb\Argix10.HR.Services\"
		Debug.AspNetCompiler.Updateable = "true"
		Debug.AspNetCompiler.ForceOverwrite = "true"
		Debug.AspNetCompiler.FixedNames = "false"
		Debug.AspNetCompiler.Debug = "True"
		Release.AspNetCompiler.VirtualPath = "/Argix10.HR.Services"
		Release.AspNetCompiler.PhysicalPath = "Argix10.HR\Argix10.HR.Services\"
		Release.AspNetCompiler.TargetPath = "PrecompiledWeb\Argix10.HR.Services\"
		Release.AspNetCompiler.Updateable = "true"
		Release.AspNetCompiler.ForceOverwrite = "true"
		Release.AspNetCompiler.FixedNames = "false"
		Release.AspNetCompiler.Debug = "False"
		VWDPort = "4027"
	EndProjectSection
EndProject
Project("{FAE04EC0-301F-11D3-BF4B-00C04F79EFBC}") = "Argix10.SecurityCenter.Win", "Argix10.HR\Argix10.IDViewer.Win\Argix10.SecurityCenter.Win.csproj", "{A7193EF7-DA00-4435-A2E1-1EC58BD98B87}"
	ProjectSection(ProjectDependencies) = postProject
		{B80EE8C2-97FA-416A-B86B-3B88757AF775} = {B80EE8C2-97FA-416A-B86B-3B88757AF775}
		{AE4634E0-1165-46CB-83B0-AE2BF72F8072} = {AE4634E0-1165-46CB-83B0-AE2BF72F8072}
	EndProjectSection
EndProject
Project("{E24C65DC-7377-472B-9ABA-BC803B73C61A}") = "Argix10.IDViewer.Web", "Argix10.HR\Argix10.IDViewer.Web", "{A2FC47B3-BBF2-4BD9-B743-E2CE78DE575B}"
	ProjectSection(WebsiteProperties) = preProject
		SccProjectName = "SAK"
		SccAuxPath = "SAK"
		SccLocalPath = "SAK"
		SccProvider = "SAK"
		TargetFrameworkMoniker = ".NETFramework,Version%3Dv4.0"
		Debug.AspNetCompiler.VirtualPath = "/Argix10.IDViewer.Web"
		Debug.AspNetCompiler.PhysicalPath = "Argix10.HR\Argix10.IDViewer.Web\"
		Debug.AspNetCompiler.TargetPath = "PrecompiledWeb\Argix10.IDViewer.Web\"
		Debug.AspNetCompiler.Updateable = "true"
		Debug.AspNetCompiler.ForceOverwrite = "true"
		Debug.AspNetCompiler.FixedNames = "false"
		Debug.AspNetCompiler.Debug = "True"
		Release.AspNetCompiler.VirtualPath = "/Argix10.IDViewer.Web"
		Release.AspNetCompiler.PhysicalPath = "Argix10.HR\Argix10.IDViewer.Web\"
		Release.AspNetCompiler.TargetPath = "PrecompiledWeb\Argix10.IDViewer.Web\"
		Release.AspNetCompiler.Updateable = "true"
		Release.AspNetCompiler.ForceOverwrite = "true"
		Release.AspNetCompiler.FixedNames = "false"
		Release.AspNetCompiler.Debug = "False"
		VWDPort = "7026"
	EndProjectSection
	ProjectSection(ProjectDependencies) = postProject
		{B80EE8C2-97FA-416A-B86B-3B88757AF775} = {B80EE8C2-97FA-416A-B86B-3B88757AF775}
	EndProjectSection
EndProject
Project("{E24C65DC-7377-472B-9ABA-BC803B73C61A}") = "Argix10.Terminals.Services", "Argix10.Terminals\Argix10.Terminals.Services", "{AE4634E0-1165-46CB-83B0-AE2BF72F8072}"
	ProjectSection(WebsiteProperties) = preProject
		SccProjectName = "SAK"
		SccAuxPath = "SAK"
		SccLocalPath = "SAK"
		SccProvider = "SAK"
		TargetFrameworkMoniker = ".NETFramework,Version%3Dv4.0"
		Debug.AspNetCompiler.VirtualPath = "/Argix10.Terminals.Services"
		Debug.AspNetCompiler.PhysicalPath = "Argix10.Terminals\Argix10.Terminals.Services\"
		Debug.AspNetCompiler.TargetPath = "PrecompiledWeb\Argix10.Terminals.Services\"
		Debug.AspNetCompiler.Updateable = "true"
		Debug.AspNetCompiler.ForceOverwrite = "true"
		Debug.AspNetCompiler.FixedNames = "false"
		Debug.AspNetCompiler.Debug = "True"
		Release.AspNetCompiler.VirtualPath = "/Argix10.Terminals.Services"
		Release.AspNetCompiler.PhysicalPath = "Argix10.Terminals\Argix10.Terminals.Services\"
		Release.AspNetCompiler.TargetPath = "PrecompiledWeb\Argix10.Terminals.Services\"
		Release.AspNetCompiler.Updateable = "true"
		Release.AspNetCompiler.ForceOverwrite = "true"
		Release.AspNetCompiler.FixedNames = "false"
		Release.AspNetCompiler.Debug = "False"
		VWDPort = "48064"
	EndProjectSection
EndProject
Project("{2150E333-8FDC-42A3-9474-1A3956D46DE8}") = "Argix10.HR.Docs", "Argix10.HR.Docs", "{CD582DE6-E7FF-4D28-BA7D-6647EB723BD9}"
	ProjectSection(SolutionItems) = preProject
		Argix10.HR\Argix10.HR.Docs\Badge System.vsdx = Argix10.HR\Argix10.HR.Docs\Badge System.vsdx
		Argix10.HR\Argix10.HR.Docs\HR Systems Architecture.docx = Argix10.HR\Argix10.HR.Docs\HR Systems Architecture.docx
		Argix10.HR\Argix10.HR.Docs\Permit System.vsdx = Argix10.HR\Argix10.HR.Docs\Permit System.vsdx
	EndProjectSection
EndProject
Project("{E24C65DC-7377-472B-9ABA-BC803B73C61A}") = "Argix10.IDBadges.Web", "Argix10.HR\Argix10.IDBadges.Web", "{E542BC6D-CE52-4579-B61E-313C9664A048}"
	ProjectSection(WebsiteProperties) = preProject
		SccProjectName = "SAK"
		SccAuxPath = "SAK"
		SccLocalPath = "SAK"
		SccProvider = "SAK"
		TargetFrameworkMoniker = ".NETFramework,Version%3Dv4.0"
		Debug.AspNetCompiler.VirtualPath = "/Argix10.IDBadges.Web"
		Debug.AspNetCompiler.PhysicalPath = "Argix10.HR\Argix10.IDBadges.Web\"
		Debug.AspNetCompiler.TargetPath = "PrecompiledWeb\Argix10.IDBadges.Web\"
		Debug.AspNetCompiler.Updateable = "true"
		Debug.AspNetCompiler.ForceOverwrite = "true"
		Debug.AspNetCompiler.FixedNames = "false"
		Debug.AspNetCompiler.Debug = "True"
		Release.AspNetCompiler.VirtualPath = "/Argix10.IDBadges.Web"
		Release.AspNetCompiler.PhysicalPath = "Argix10.HR\Argix10.IDBadges.Web\"
		Release.AspNetCompiler.TargetPath = "PrecompiledWeb\Argix10.IDBadges.Web\"
		Release.AspNetCompiler.Updateable = "true"
		Release.AspNetCompiler.ForceOverwrite = "true"
		Release.AspNetCompiler.FixedNames = "false"
		Release.AspNetCompiler.Debug = "False"
		VWDPort = "2196"
		DefaultWebSiteLanguage = "Visual C#"
	EndProjectSection
	ProjectSection(ProjectDependencies) = postProject
		{B80EE8C2-97FA-416A-B86B-3B88757AF775} = {B80EE8C2-97FA-416A-B86B-3B88757AF775}
	EndProjectSection
EndProject
Project("{E24C65DC-7377-472B-9ABA-BC803B73C61A}") = "Argix10.ParkingPermits.Web", "Argix10.HR\Argix10.ParkingPermits.Web", "{1B3E389C-119B-4E36-A5E5-259859B69CE3}"
	ProjectSection(WebsiteProperties) = preProject
		TargetFrameworkMoniker = ".NETFramework,Version%3Dv4.0"
		Debug.AspNetCompiler.VirtualPath = "/Argix10.ParkingPermits.Web"
		Debug.AspNetCompiler.PhysicalPath = "Argix10.HR\Argix10.ParkingPermits.Web\"
		Debug.AspNetCompiler.TargetPath = "PrecompiledWeb\Argix10.ParkingPermits.Web\"
		Debug.AspNetCompiler.Updateable = "true"
		Debug.AspNetCompiler.ForceOverwrite = "true"
		Debug.AspNetCompiler.FixedNames = "false"
		Debug.AspNetCompiler.Debug = "True"
		Release.AspNetCompiler.VirtualPath = "/Argix10.ParkingPermits.Web"
		Release.AspNetCompiler.PhysicalPath = "Argix10.HR\Argix10.ParkingPermits.Web\"
		Release.AspNetCompiler.TargetPath = "PrecompiledWeb\Argix10.ParkingPermits.Web\"
		Release.AspNetCompiler.Updateable = "true"
		Release.AspNetCompiler.ForceOverwrite = "true"
		Release.AspNetCompiler.FixedNames = "false"
		Release.AspNetCompiler.Debug = "False"
		VWDPort = "57889"
	EndProjectSection
EndProject
Global
	GlobalSection(TeamFoundationVersionControl) = preSolution
		SccNumberOfProjects = 5
		SccEnterpriseProvider = {4CA58AB2-18FA-4F8D-95D4-32DDF27D184C}
		SccTeamFoundationServer = http://rgxvmdev:8080/tfs/argix10
		SccWebProject0 = true
		SccProjectUniqueName0 = Argix10.HR\\Argix10.HR.Services
		SccProjectName0 = Argix10.HR/Argix10.HR.Services
		SccAuxPath0 = http://rgxvmdev:8080/tfs/argix10
		SccLocalPath0 = Argix10.HR\\Argix10.HR.Services
		SccProvider0 = {4CA58AB2-18FA-4F8D-95D4-32DDF27D184C}
		SccProjectEnlistmentChoice0 = 2
		SccProjectUniqueName1 = Argix10.HR\\Argix10.IDViewer.Win\\Argix10.SecurityCenter.Win.csproj
		SccProjectName1 = Argix10.HR/Argix10.IDViewer.Win
		SccAuxPath1 = http://rgxvmdev:8080/tfs/argix10
		SccLocalPath1 = Argix10.HR\\Argix10.IDViewer.Win
		SccProvider1 = {4CA58AB2-18FA-4F8D-95D4-32DDF27D184C}
		SccWebProject2 = true
		SccProjectUniqueName2 = Argix10.HR\\Argix10.IDViewer.Web
		SccProjectName2 = Argix10.HR/Argix10.IDViewer.Web
		SccAuxPath2 = http://rgxvmdev:8080/tfs/argix10
		SccLocalPath2 = Argix10.HR\\Argix10.IDViewer.Web
		SccProvider2 = {4CA58AB2-18FA-4F8D-95D4-32DDF27D184C}
		SccProjectEnlistmentChoice2 = 2
		SccWebProject3 = true
		SccProjectUniqueName3 = Argix10.Terminals\\Argix10.Terminals.Services
		SccProjectName3 = Argix10.Terminals/Argix10.Terminals.Services
		SccAuxPath3 = http://rgxvmdev:8080/tfs/argix10
		SccLocalPath3 = Argix10.Terminals\\Argix10.Terminals.Services
		SccProvider3 = {4CA58AB2-18FA-4F8D-95D4-32DDF27D184C}
		SccProjectEnlistmentChoice3 = 2
		SccWebProject4 = true
		SccProjectUniqueName4 = Argix10.HR\\Argix10.IDBadges.Web
		SccProjectName4 = Argix10.HR/Argix10.IDBadges.Web
		SccAuxPath4 = http://rgxvmdev:8080/tfs/argix10
		SccLocalPath4 = Argix10.HR\\Argix10.IDBadges.Web
		SccProvider4 = {4CA58AB2-18FA-4F8D-95D4-32DDF27D184C}
		SccProjectEnlistmentChoice4 = 2
	EndGlobalSection
	GlobalSection(SolutionConfigurationPlatforms) = preSolution
		Debug|Any CPU = Debug|Any CPU
		Release|Any CPU = Release|Any CPU
	EndGlobalSection
	GlobalSection(ProjectConfigurationPlatforms) = postSolution
		{B80EE8C2-97FA-416A-B86B-3B88757AF775}.Debug|Any CPU.ActiveCfg = Debug|Any CPU
		{B80EE8C2-97FA-416A-B86B-3B88757AF775}.Debug|Any CPU.Build.0 = Debug|Any CPU
		{B80EE8C2-97FA-416A-B86B-3B88757AF775}.Release|Any CPU.ActiveCfg = Debug|Any CPU
		{B80EE8C2-97FA-416A-B86B-3B88757AF775}.Release|Any CPU.Build.0 = Debug|Any CPU
		{A7193EF7-DA00-4435-A2E1-1EC58BD98B87}.Debug|Any CPU.ActiveCfg = Debug|Any CPU
		{A7193EF7-DA00-4435-A2E1-1EC58BD98B87}.Debug|Any CPU.Build.0 = Debug|Any CPU
		{A7193EF7-DA00-4435-A2E1-1EC58BD98B87}.Release|Any CPU.ActiveCfg = Release|Any CPU
		{A7193EF7-DA00-4435-A2E1-1EC58BD98B87}.Release|Any CPU.Build.0 = Release|Any CPU
		{A2FC47B3-BBF2-4BD9-B743-E2CE78DE575B}.Debug|Any CPU.ActiveCfg = Debug|Any CPU
		{A2FC47B3-BBF2-4BD9-B743-E2CE78DE575B}.Debug|Any CPU.Build.0 = Debug|Any CPU
		{A2FC47B3-BBF2-4BD9-B743-E2CE78DE575B}.Release|Any CPU.ActiveCfg = Debug|Any CPU
		{A2FC47B3-BBF2-4BD9-B743-E2CE78DE575B}.Release|Any CPU.Build.0 = Debug|Any CPU
		{AE4634E0-1165-46CB-83B0-AE2BF72F8072}.Debug|Any CPU.ActiveCfg = Debug|Any CPU
		{AE4634E0-1165-46CB-83B0-AE2BF72F8072}.Debug|Any CPU.Build.0 = Debug|Any CPU
		{AE4634E0-1165-46CB-83B0-AE2BF72F8072}.Release|Any CPU.ActiveCfg = Debug|Any CPU
		{AE4634E0-1165-46CB-83B0-AE2BF72F8072}.Release|Any CPU.Build.0 = Debug|Any CPU
		{E542BC6D-CE52-4579-B61E-313C9664A048}.Debug|Any CPU.ActiveCfg = Debug|Any CPU
		{E542BC6D-CE52-4579-B61E-313C9664A048}.Debug|Any CPU.Build.0 = Debug|Any CPU
		{E542BC6D-CE52-4579-B61E-313C9664A048}.Release|Any CPU.ActiveCfg = Debug|Any CPU
		{E542BC6D-CE52-4579-B61E-313C9664A048}.Release|Any CPU.Build.0 = Debug|Any CPU
		{1B3E389C-119B-4E36-A5E5-259859B69CE3}.Debug|Any CPU.ActiveCfg = Debug|Any CPU
		{1B3E389C-119B-4E36-A5E5-259859B69CE3}.Debug|Any CPU.Build.0 = Debug|Any CPU
		{1B3E389C-119B-4E36-A5E5-259859B69CE3}.Release|Any CPU.ActiveCfg = Debug|Any CPU
		{1B3E389C-119B-4E36-A5E5-259859B69CE3}.Release|Any CPU.Build.0 = Debug|Any CPU
	EndGlobalSection
	GlobalSection(SolutionProperties) = preSolution
		HideSolutionNode = FALSE
	EndGlobalSection
	GlobalSection(TeamFoundationVersionControl) = preSolution
		SccNumberOfProjects = 5
		SccEnterpriseProvider = {4CA58AB2-18FA-4F8D-95D4-32DDF27D184C}
		SccTeamFoundationServer = http://rgxvmdev:8080/tfs/argix10
		SccWebProject0 = true
		SccProjectUniqueName0 = Argix10.HR\\Argix10.HR.Services
		SccProjectName0 = Argix10.HR/Argix10.HR.Services
		SccAuxPath0 = http://rgxvmdev:8080/tfs/argix10
		SccLocalPath0 = Argix10.HR\\Argix10.HR.Services
		SccProvider0 = {4CA58AB2-18FA-4F8D-95D4-32DDF27D184C}
		SccProjectEnlistmentChoice0 = 2
		SccProjectUniqueName1 = Argix10.HR\\Argix10.IDViewer.Win\\Argix10.SecurityCenter.Win.csproj
		SccProjectName1 = Argix10.HR/Argix10.IDViewer.Win
		SccAuxPath1 = http://rgxvmdev:8080/tfs/argix10
		SccLocalPath1 = Argix10.HR\\Argix10.IDViewer.Win
		SccProvider1 = {4CA58AB2-18FA-4F8D-95D4-32DDF27D184C}
		SccWebProject2 = true
		SccProjectUniqueName2 = Argix10.HR\\Argix10.IDViewer.Web
		SccProjectName2 = Argix10.HR/Argix10.IDViewer.Web
		SccAuxPath2 = http://rgxvmdev:8080/tfs/argix10
		SccLocalPath2 = Argix10.HR\\Argix10.IDViewer.Web
		SccProvider2 = {4CA58AB2-18FA-4F8D-95D4-32DDF27D184C}
		SccProjectEnlistmentChoice2 = 2
		SccWebProject3 = true
		SccProjectUniqueName3 = Argix10.Terminals\\Argix10.Terminals.Services
		SccProjectName3 = Argix10.Terminals/Argix10.Terminals.Services
		SccAuxPath3 = http://rgxvmdev:8080/tfs/argix10
		SccLocalPath3 = Argix10.Terminals\\Argix10.Terminals.Services
		SccProvider3 = {4CA58AB2-18FA-4F8D-95D4-32DDF27D184C}
		SccProjectEnlistmentChoice3 = 2
		SccWebProject4 = true
		SccProjectUniqueName4 = Argix10.HR\\Argix10.IDBadges.Web
		SccProjectName4 = Argix10.HR/Argix10.IDBadges.Web
		SccAuxPath4 = http://rgxvmdev:8080/tfs/argix10
		SccLocalPath4 = Argix10.HR\\Argix10.IDBadges.Web
		SccProvider4 = {4CA58AB2-18FA-4F8D-95D4-32DDF27D184C}
		SccProjectEnlistmentChoice4 = 2
	EndGlobalSection
	GlobalSection(TeamFoundationVersionControl) = preSolution
		SccNumberOfProjects = 5
		SccEnterpriseProvider = {4CA58AB2-18FA-4F8D-95D4-32DDF27D184C}
		SccTeamFoundationServer = http://rgxvmdev:8080/tfs/argix10
		SccWebProject0 = true
		SccProjectUniqueName0 = Argix10.HR\\Argix10.HR.Services
		SccProjectName0 = Argix10.HR/Argix10.HR.Services
		SccAuxPath0 = http://rgxvmdev:8080/tfs/argix10
		SccLocalPath0 = Argix10.HR\\Argix10.HR.Services
		SccProvider0 = {4CA58AB2-18FA-4F8D-95D4-32DDF27D184C}
		SccProjectEnlistmentChoice0 = 2
		SccProjectUniqueName1 = Argix10.HR\\Argix10.IDViewer.Win\\Argix10.SecurityCenter.Win.csproj
		SccProjectName1 = Argix10.HR/Argix10.IDViewer.Win
		SccAuxPath1 = http://rgxvmdev:8080/tfs/argix10
		SccLocalPath1 = Argix10.HR\\Argix10.IDViewer.Win
		SccProvider1 = {4CA58AB2-18FA-4F8D-95D4-32DDF27D184C}
		SccWebProject2 = true
		SccProjectUniqueName2 = Argix10.HR\\Argix10.IDViewer.Web
		SccProjectName2 = Argix10.HR/Argix10.IDViewer.Web
		SccAuxPath2 = http://rgxvmdev:8080/tfs/argix10
		SccLocalPath2 = Argix10.HR\\Argix10.IDViewer.Web
		SccProvider2 = {4CA58AB2-18FA-4F8D-95D4-32DDF27D184C}
		SccProjectEnlistmentChoice2 = 2
		SccWebProject3 = true
		SccProjectUniqueName3 = Argix10.Terminals\\Argix10.Terminals.Services
		SccProjectName3 = Argix10.Terminals/Argix10.Terminals.Services
		SccAuxPath3 = http://rgxvmdev:8080/tfs/argix10
		SccLocalPath3 = Argix10.Terminals\\Argix10.Terminals.Services
		SccProvider3 = {4CA58AB2-18FA-4F8D-95D4-32DDF27D184C}
		SccProjectEnlistmentChoice3 = 2
		SccWebProject4 = true
		SccProjectUniqueName4 = Argix10.HR\\Argix10.IDBadges.Web
		SccProjectName4 = Argix10.HR/Argix10.IDBadges.Web
		SccAuxPath4 = http://rgxvmdev:8080/tfs/argix10
		SccLocalPath4 = Argix10.HR\\Argix10.IDBadges.Web
		SccProvider4 = {4CA58AB2-18FA-4F8D-95D4-32DDF27D184C}
		SccProjectEnlistmentChoice4 = 2
	EndGlobalSection
	GlobalSection(TeamFoundationVersionControl) = preSolution
		SccNumberOfProjects = 5
		SccEnterpriseProvider = {4CA58AB2-18FA-4F8D-95D4-32DDF27D184C}
		SccTeamFoundationServer = http://rgxvmdev:8080/tfs/argix10
		SccWebProject0 = true
		SccProjectUniqueName0 = Argix10.HR\\Argix10.HR.Services
		SccProjectName0 = Argix10.HR/Argix10.HR.Services
		SccAuxPath0 = http://rgxvmdev:8080/tfs/argix10
		SccLocalPath0 = Argix10.HR\\Argix10.HR.Services
		SccProvider0 = {4CA58AB2-18FA-4F8D-95D4-32DDF27D184C}
		SccProjectEnlistmentChoice0 = 2
		SccProjectUniqueName1 = Argix10.HR\\Argix10.IDViewer.Win\\Argix10.SecurityCenter.Win.csproj
		SccProjectName1 = Argix10.HR/Argix10.IDViewer.Win
		SccAuxPath1 = http://rgxvmdev:8080/tfs/argix10
		SccLocalPath1 = Argix10.HR\\Argix10.IDViewer.Win
		SccProvider1 = {4CA58AB2-18FA-4F8D-95D4-32DDF27D184C}
		SccWebProject2 = true
		SccProjectUniqueName2 = Argix10.HR\\Argix10.IDViewer.Web
		SccProjectName2 = Argix10.HR/Argix10.IDViewer.Web
		SccAuxPath2 = http://rgxvmdev:8080/tfs/argix10
		SccLocalPath2 = Argix10.HR\\Argix10.IDViewer.Web
		SccProvider2 = {4CA58AB2-18FA-4F8D-95D4-32DDF27D184C}
		SccProjectEnlistmentChoice2 = 2
		SccWebProject3 = true
		SccProjectUniqueName3 = Argix10.Terminals\\Argix10.Terminals.Services
		SccProjectName3 = Argix10.Terminals/Argix10.Terminals.Services
		SccAuxPath3 = http://rgxvmdev:8080/tfs/argix10
		SccLocalPath3 = Argix10.Terminals\\Argix10.Terminals.Services
		SccProvider3 = {4CA58AB2-18FA-4F8D-95D4-32DDF27D184C}
		SccProjectEnlistmentChoice3 = 2
		SccWebProject4 = true
		SccProjectUniqueName4 = Argix10.HR\\Argix10.IDBadges.Web
		SccProjectName4 = Argix10.HR/Argix10.IDBadges.Web
		SccAuxPath4 = http://rgxvmdev:8080/tfs/argix10
		SccLocalPath4 = Argix10.HR\\Argix10.IDBadges.Web
		SccProvider4 = {4CA58AB2-18FA-4F8D-95D4-32DDF27D184C}
		SccProjectEnlistmentChoice4 = 2
	EndGlobalSection
	GlobalSection(TeamFoundationVersionControl) = preSolution
		SccNumberOfProjects = 5
		SccEnterpriseProvider = {4CA58AB2-18FA-4F8D-95D4-32DDF27D184C}
		SccTeamFoundationServer = http://rgxvmdev:8080/tfs/argix10
		SccWebProject0 = true
		SccProjectUniqueName0 = Argix10.HR\\Argix10.HR.Services
		SccProjectName0 = Argix10.HR/Argix10.HR.Services
		SccAuxPath0 = http://rgxvmdev:8080/tfs/argix10
		SccLocalPath0 = Argix10.HR\\Argix10.HR.Services
		SccProvider0 = {4CA58AB2-18FA-4F8D-95D4-32DDF27D184C}
		SccProjectEnlistmentChoice0 = 2
		SccProjectUniqueName1 = Argix10.HR\\Argix10.IDViewer.Win\\Argix10.SecurityCenter.Win.csproj
		SccProjectName1 = Argix10.HR/Argix10.IDViewer.Win
		SccAuxPath1 = http://rgxvmdev:8080/tfs/argix10
		SccLocalPath1 = Argix10.HR\\Argix10.IDViewer.Win
		SccProvider1 = {4CA58AB2-18FA-4F8D-95D4-32DDF27D184C}
		SccWebProject2 = true
		SccProjectUniqueName2 = Argix10.HR\\Argix10.IDViewer.Web
		SccProjectName2 = Argix10.HR/Argix10.IDViewer.Web
		SccAuxPath2 = http://rgxvmdev:8080/tfs/argix10
		SccLocalPath2 = Argix10.HR\\Argix10.IDViewer.Web
		SccProvider2 = {4CA58AB2-18FA-4F8D-95D4-32DDF27D184C}
		SccProjectEnlistmentChoice2 = 2
		SccWebProject3 = true
		SccProjectUniqueName3 = Argix10.Terminals\\Argix10.Terminals.Services
		SccProjectName3 = Argix10.Terminals/Argix10.Terminals.Services
		SccAuxPath3 = http://rgxvmdev:8080/tfs/argix10
		SccLocalPath3 = Argix10.Terminals\\Argix10.Terminals.Services
		SccProvider3 = {4CA58AB2-18FA-4F8D-95D4-32DDF27D184C}
		SccProjectEnlistmentChoice3 = 2
		SccWebProject4 = true
		SccProjectUniqueName4 = Argix10.HR\\Argix10.IDBadges.Web
		SccProjectName4 = Argix10.HR/Argix10.IDBadges.Web
		SccAuxPath4 = http://rgxvmdev:8080/tfs/argix10
		SccLocalPath4 = Argix10.HR\\Argix10.IDBadges.Web
		SccProvider4 = {4CA58AB2-18FA-4F8D-95D4-32DDF27D184C}
		SccProjectEnlistmentChoice4 = 2
	EndGlobalSection
	GlobalSection(TeamFoundationVersionControl) = preSolution
		SccNumberOfProjects = 5
		SccEnterpriseProvider = {4CA58AB2-18FA-4F8D-95D4-32DDF27D184C}
		SccTeamFoundationServer = http://rgxvmdev:8080/tfs/argix10
		SccWebProject0 = true
		SccProjectUniqueName0 = Argix10.HR\\Argix10.HR.Services
		SccProjectName0 = Argix10.HR/Argix10.HR.Services
		SccAuxPath0 = http://rgxvmdev:8080/tfs/argix10
		SccLocalPath0 = Argix10.HR\\Argix10.HR.Services
		SccProvider0 = {4CA58AB2-18FA-4F8D-95D4-32DDF27D184C}
		SccProjectEnlistmentChoice0 = 2
		SccProjectUniqueName1 = Argix10.HR\\Argix10.IDViewer.Win\\Argix10.SecurityCenter.Win.csproj
		SccProjectName1 = Argix10.HR/Argix10.IDViewer.Win
		SccAuxPath1 = http://rgxvmdev:8080/tfs/argix10
		SccLocalPath1 = Argix10.HR\\Argix10.IDViewer.Win
		SccProvider1 = {4CA58AB2-18FA-4F8D-95D4-32DDF27D184C}
		SccWebProject2 = true
		SccProjectUniqueName2 = Argix10.HR\\Argix10.IDViewer.Web
		SccProjectName2 = Argix10.HR/Argix10.IDViewer.Web
		SccAuxPath2 = http://rgxvmdev:8080/tfs/argix10
		SccLocalPath2 = Argix10.HR\\Argix10.IDViewer.Web
		SccProvider2 = {4CA58AB2-18FA-4F8D-95D4-32DDF27D184C}
		SccProjectEnlistmentChoice2 = 2
		SccWebProject3 = true
		SccProjectUniqueName3 = Argix10.Terminals\\Argix10.Terminals.Services
		SccProjectName3 = Argix10.Terminals/Argix10.Terminals.Services
		SccAuxPath3 = http://rgxvmdev:8080/tfs/argix10
		SccLocalPath3 = Argix10.Terminals\\Argix10.Terminals.Services
		SccProvider3 = {4CA58AB2-18FA-4F8D-95D4-32DDF27D184C}
		SccProjectEnlistmentChoice3 = 2
		SccWebProject4 = true
		SccProjectUniqueName4 = Argix10.HR\\Argix10.IDBadges.Web
		SccProjectName4 = Argix10.HR/Argix10.IDBadges.Web
		SccAuxPath4 = http://rgxvmdev:8080/tfs/argix10
		SccLocalPath4 = Argix10.HR\\Argix10.IDBadges.Web
		SccProvider4 = {4CA58AB2-18FA-4F8D-95D4-32DDF27D184C}
		SccProjectEnlistmentChoice4 = 2
	EndGlobalSection
	GlobalSection(TeamFoundationVersionControl) = preSolution
		SccNumberOfProjects = 5
		SccEnterpriseProvider = {4CA58AB2-18FA-4F8D-95D4-32DDF27D184C}
		SccTeamFoundationServer = http://rgxvmdev:8080/tfs/argix10
		SccWebProject0 = true
		SccProjectUniqueName0 = Argix10.HR\\Argix10.HR.Services
		SccProjectName0 = Argix10.HR/Argix10.HR.Services
		SccAuxPath0 = http://rgxvmdev:8080/tfs/argix10
		SccLocalPath0 = Argix10.HR\\Argix10.HR.Services
		SccProvider0 = {4CA58AB2-18FA-4F8D-95D4-32DDF27D184C}
		SccProjectEnlistmentChoice0 = 2
		SccProjectUniqueName1 = Argix10.HR\\Argix10.IDViewer.Win\\Argix10.SecurityCenter.Win.csproj
		SccProjectName1 = Argix10.HR/Argix10.IDViewer.Win
		SccAuxPath1 = http://rgxvmdev:8080/tfs/argix10
		SccLocalPath1 = Argix10.HR\\Argix10.IDViewer.Win
		SccProvider1 = {4CA58AB2-18FA-4F8D-95D4-32DDF27D184C}
		SccWebProject2 = true
		SccProjectUniqueName2 = Argix10.HR\\Argix10.IDViewer.Web
		SccProjectName2 = Argix10.HR/Argix10.IDViewer.Web
		SccAuxPath2 = http://rgxvmdev:8080/tfs/argix10
		SccLocalPath2 = Argix10.HR\\Argix10.IDViewer.Web
		SccProvider2 = {4CA58AB2-18FA-4F8D-95D4-32DDF27D184C}
		SccProjectEnlistmentChoice2 = 2
		SccWebProject3 = true
		SccProjectUniqueName3 = Argix10.Terminals\\Argix10.Terminals.Services
		SccProjectName3 = Argix10.Terminals/Argix10.Terminals.Services
		SccAuxPath3 = http://rgxvmdev:8080/tfs/argix10
		SccLocalPath3 = Argix10.Terminals\\Argix10.Terminals.Services
		SccProvider3 = {4CA58AB2-18FA-4F8D-95D4-32DDF27D184C}
		SccProjectEnlistmentChoice3 = 2
		SccWebProject4 = true
		SccProjectUniqueName4 = Argix10.HR\\Argix10.IDBadges.Web
		SccProjectName4 = Argix10.HR/Argix10.IDBadges.Web
		SccAuxPath4 = http://rgxvmdev:8080/tfs/argix10
		SccLocalPath4 = Argix10.HR\\Argix10.IDBadges.Web
		SccProvider4 = {4CA58AB2-18FA-4F8D-95D4-32DDF27D184C}
		SccProjectEnlistmentChoice4 = 2
	EndGlobalSection
	GlobalSection(TeamFoundationVersionControl) = preSolution
		SccNumberOfProjects = 5
		SccEnterpriseProvider = {4CA58AB2-18FA-4F8D-95D4-32DDF27D184C}
		SccTeamFoundationServer = http://rgxvmdev:8080/tfs/argix10
		SccWebProject0 = true
		SccProjectUniqueName0 = Argix10.HR\\Argix10.HR.Services
		SccProjectName0 = Argix10.HR/Argix10.HR.Services
		SccAuxPath0 = http://rgxvmdev:8080/tfs/argix10
		SccLocalPath0 = Argix10.HR\\Argix10.HR.Services
		SccProvider0 = {4CA58AB2-18FA-4F8D-95D4-32DDF27D184C}
		SccProjectEnlistmentChoice0 = 2
		SccProjectUniqueName1 = Argix10.HR\\Argix10.IDViewer.Win\\Argix10.SecurityCenter.Win.csproj
		SccProjectName1 = Argix10.HR/Argix10.IDViewer.Win
		SccAuxPath1 = http://rgxvmdev:8080/tfs/argix10
		SccLocalPath1 = Argix10.HR\\Argix10.IDViewer.Win
		SccProvider1 = {4CA58AB2-18FA-4F8D-95D4-32DDF27D184C}
		SccWebProject2 = true
		SccProjectUniqueName2 = Argix10.HR\\Argix10.IDViewer.Web
		SccProjectName2 = Argix10.HR/Argix10.IDViewer.Web
		SccAuxPath2 = http://rgxvmdev:8080/tfs/argix10
		SccLocalPath2 = Argix10.HR\\Argix10.IDViewer.Web
		SccProvider2 = {4CA58AB2-18FA-4F8D-95D4-32DDF27D184C}
		SccProjectEnlistmentChoice2 = 2
		SccWebProject3 = true
		SccProjectUniqueName3 = Argix10.Terminals\\Argix10.Terminals.Services
		SccProjectName3 = Argix10.Terminals/Argix10.Terminals.Services
		SccAuxPath3 = http://rgxvmdev:8080/tfs/argix10
		SccLocalPath3 = Argix10.Terminals\\Argix10.Terminals.Services
		SccProvider3 = {4CA58AB2-18FA-4F8D-95D4-32DDF27D184C}
		SccProjectEnlistmentChoice3 = 2
		SccWebProject4 = true
		SccProjectUniqueName4 = Argix10.HR\\Argix10.IDBadges.Web
		SccProjectName4 = Argix10.HR/Argix10.IDBadges.Web
		SccAuxPath4 = http://rgxvmdev:8080/tfs/argix10
		SccLocalPath4 = Argix10.HR\\Argix10.IDBadges.Web
		SccProvider4 = {4CA58AB2-18FA-4F8D-95D4-32DDF27D184C}
		SccProjectEnlistmentChoice4 = 2
	EndGlobalSection
	GlobalSection(TeamFoundationVersionControl) = preSolution
		SccNumberOfProjects = 5
		SccEnterpriseProvider = {4CA58AB2-18FA-4F8D-95D4-32DDF27D184C}
		SccTeamFoundationServer = http://rgxvmdev:8080/tfs/argix10
		SccWebProject0 = true
		SccProjectUniqueName0 = Argix10.HR\\Argix10.HR.Services
		SccProjectName0 = Argix10.HR/Argix10.HR.Services
		SccAuxPath0 = http://rgxvmdev:8080/tfs/argix10
		SccLocalPath0 = Argix10.HR\\Argix10.HR.Services
		SccProvider0 = {4CA58AB2-18FA-4F8D-95D4-32DDF27D184C}
		SccProjectEnlistmentChoice0 = 2
		SccProjectUniqueName1 = Argix10.HR\\Argix10.IDViewer.Win\\Argix10.SecurityCenter.Win.csproj
		SccProjectName1 = Argix10.HR/Argix10.IDViewer.Win
		SccAuxPath1 = http://rgxvmdev:8080/tfs/argix10
		SccLocalPath1 = Argix10.HR\\Argix10.IDViewer.Win
		SccProvider1 = {4CA58AB2-18FA-4F8D-95D4-32DDF27D184C}
		SccWebProject2 = true
		SccProjectUniqueName2 = Argix10.HR\\Argix10.IDViewer.Web
		SccProjectName2 = Argix10.HR/Argix10.IDViewer.Web
		SccAuxPath2 = http://rgxvmdev:8080/tfs/argix10
		SccLocalPath2 = Argix10.HR\\Argix10.IDViewer.Web
		SccProvider2 = {4CA58AB2-18FA-4F8D-95D4-32DDF27D184C}
		SccProjectEnlistmentChoice2 = 2
		SccWebProject3 = true
		SccProjectUniqueName3 = Argix10.Terminals\\Argix10.Terminals.Services
		SccProjectName3 = Argix10.Terminals/Argix10.Terminals.Services
		SccAuxPath3 = http://rgxvmdev:8080/tfs/argix10
		SccLocalPath3 = Argix10.Terminals\\Argix10.Terminals.Services
		SccProvider3 = {4CA58AB2-18FA-4F8D-95D4-32DDF27D184C}
		SccProjectEnlistmentChoice3 = 2
		SccWebProject4 = true
		SccProjectUniqueName4 = Argix10.HR\\Argix10.IDBadges.Web
		SccProjectName4 = Argix10.HR/Argix10.IDBadges.Web
		SccAuxPath4 = http://rgxvmdev:8080/tfs/argix10
		SccLocalPath4 = Argix10.HR\\Argix10.IDBadges.Web
		SccProvider4 = {4CA58AB2-18FA-4F8D-95D4-32DDF27D184C}
		SccProjectEnlistmentChoice4 = 2
	EndGlobalSection
	GlobalSection(TeamFoundationVersionControl) = preSolution
		SccNumberOfProjects = 5
		SccEnterpriseProvider = {4CA58AB2-18FA-4F8D-95D4-32DDF27D184C}
		SccTeamFoundationServer = http://rgxvmdev:8080/tfs/argix10
		SccWebProject0 = true
		SccProjectUniqueName0 = Argix10.HR\\Argix10.HR.Services
		SccProjectName0 = Argix10.HR/Argix10.HR.Services
		SccAuxPath0 = http://rgxvmdev:8080/tfs/argix10
		SccLocalPath0 = Argix10.HR\\Argix10.HR.Services
		SccProvider0 = {4CA58AB2-18FA-4F8D-95D4-32DDF27D184C}
		SccProjectEnlistmentChoice0 = 2
		SccProjectUniqueName1 = Argix10.HR\\Argix10.IDViewer.Win\\Argix10.SecurityCenter.Win.csproj
		SccProjectName1 = Argix10.HR/Argix10.IDViewer.Win
		SccAuxPath1 = http://rgxvmdev:8080/tfs/argix10
		SccLocalPath1 = Argix10.HR\\Argix10.IDViewer.Win
		SccProvider1 = {4CA58AB2-18FA-4F8D-95D4-32DDF27D184C}
		SccWebProject2 = true
		SccProjectUniqueName2 = Argix10.HR\\Argix10.IDViewer.Web
		SccProjectName2 = Argix10.HR/Argix10.IDViewer.Web
		SccAuxPath2 = http://rgxvmdev:8080/tfs/argix10
		SccLocalPath2 = Argix10.HR\\Argix10.IDViewer.Web
		SccProvider2 = {4CA58AB2-18FA-4F8D-95D4-32DDF27D184C}
		SccProjectEnlistmentChoice2 = 2
		SccWebProject3 = true
		SccProjectUniqueName3 = Argix10.Terminals\\Argix10.Terminals.Services
		SccProjectName3 = Argix10.Terminals/Argix10.Terminals.Services
		SccAuxPath3 = http://rgxvmdev:8080/tfs/argix10
		SccLocalPath3 = Argix10.Terminals\\Argix10.Terminals.Services
		SccProvider3 = {4CA58AB2-18FA-4F8D-95D4-32DDF27D184C}
		SccProjectEnlistmentChoice3 = 2
		SccWebProject4 = true
		SccProjectUniqueName4 = Argix10.HR\\Argix10.IDBadges.Web
		SccProjectName4 = Argix10.HR/Argix10.IDBadges.Web
		SccAuxPath4 = http://rgxvmdev:8080/tfs/argix10
		SccLocalPath4 = Argix10.HR\\Argix10.IDBadges.Web
		SccProvider4 = {4CA58AB2-18FA-4F8D-95D4-32DDF27D184C}
		SccProjectEnlistmentChoice4 = 2
	EndGlobalSection
	GlobalSection(TeamFoundationVersionControl) = preSolution
		SccNumberOfProjects = 5
		SccEnterpriseProvider = {4CA58AB2-18FA-4F8D-95D4-32DDF27D184C}
		SccTeamFoundationServer = http://rgxvmdev:8080/tfs/argix10
		SccWebProject0 = true
		SccProjectUniqueName0 = Argix10.HR\\Argix10.HR.Services
		SccProjectName0 = Argix10.HR/Argix10.HR.Services
		SccAuxPath0 = http://rgxvmdev:8080/tfs/argix10
		SccLocalPath0 = Argix10.HR\\Argix10.HR.Services
		SccProvider0 = {4CA58AB2-18FA-4F8D-95D4-32DDF27D184C}
		SccProjectEnlistmentChoice0 = 2
		SccProjectUniqueName1 = Argix10.HR\\Argix10.IDViewer.Win\\Argix10.SecurityCenter.Win.csproj
		SccProjectName1 = Argix10.HR/Argix10.IDViewer.Win
		SccAuxPath1 = http://rgxvmdev:8080/tfs/argix10
		SccLocalPath1 = Argix10.HR\\Argix10.IDViewer.Win
		SccProvider1 = {4CA58AB2-18FA-4F8D-95D4-32DDF27D184C}
		SccWebProject2 = true
		SccProjectUniqueName2 = Argix10.HR\\Argix10.IDViewer.Web
		SccProjectName2 = Argix10.HR/Argix10.IDViewer.Web
		SccAuxPath2 = http://rgxvmdev:8080/tfs/argix10
		SccLocalPath2 = Argix10.HR\\Argix10.IDViewer.Web
		SccProvider2 = {4CA58AB2-18FA-4F8D-95D4-32DDF27D184C}
		SccProjectEnlistmentChoice2 = 2
		SccWebProject3 = true
		SccProjectUniqueName3 = Argix10.Terminals\\Argix10.Terminals.Services
		SccProjectName3 = Argix10.Terminals/Argix10.Terminals.Services
		SccAuxPath3 = http://rgxvmdev:8080/tfs/argix10
		SccLocalPath3 = Argix10.Terminals\\Argix10.Terminals.Services
		SccProvider3 = {4CA58AB2-18FA-4F8D-95D4-32DDF27D184C}
		SccProjectEnlistmentChoice3 = 2
		SccWebProject4 = true
		SccProjectUniqueName4 = Argix10.HR\\Argix10.IDBadges.Web
		SccProjectName4 = Argix10.HR/Argix10.IDBadges.Web
		SccAuxPath4 = http://rgxvmdev:8080/tfs/argix10
		SccLocalPath4 = Argix10.HR\\Argix10.IDBadges.Web
		SccProvider4 = {4CA58AB2-18FA-4F8D-95D4-32DDF27D184C}
		SccProjectEnlistmentChoice4 = 2
	EndGlobalSection
	GlobalSection(TeamFoundationVersionControl) = preSolution
		SccNumberOfProjects = 6
		SccEnterpriseProvider = {4CA58AB2-18FA-4F8D-95D4-32DDF27D184C}
		SccTeamFoundationServer = http://rgxvmdev:8080/tfs/argix10
		SccWebProject0 = true
		SccProjectUniqueName0 = Argix10.HR\\Argix10.HR.Services
		SccProjectName0 = Argix10.HR/Argix10.HR.Services
		SccAuxPath0 = http://rgxvmdev:8080/tfs/argix10
		SccLocalPath0 = Argix10.HR\\Argix10.HR.Services
		SccProvider0 = {4CA58AB2-18FA-4F8D-95D4-32DDF27D184C}
		SccProjectEnlistmentChoice0 = 2
		SccProjectUniqueName1 = Argix10.HR\\Argix10.IDViewer.Win\\Argix10.SecurityCenter.Win.csproj
		SccProjectName1 = Argix10.HR/Argix10.IDViewer.Win
		SccAuxPath1 = http://rgxvmdev:8080/tfs/argix10
		SccLocalPath1 = Argix10.HR\\Argix10.IDViewer.Win
		SccProvider1 = {4CA58AB2-18FA-4F8D-95D4-32DDF27D184C}
		SccWebProject2 = true
		SccProjectUniqueName2 = Argix10.HR\\Argix10.IDViewer.Web
		SccProjectName2 = Argix10.HR/Argix10.IDViewer.Web
		SccAuxPath2 = http://rgxvmdev:8080/tfs/argix10
		SccLocalPath2 = Argix10.HR\\Argix10.IDViewer.Web
		SccProvider2 = {4CA58AB2-18FA-4F8D-95D4-32DDF27D184C}
		SccProjectEnlistmentChoice2 = 2
		SccWebProject3 = true
		SccProjectUniqueName3 = Argix10.Enterprise\\Argix10.Membership.Services
		SccProjectName3 = Argix10.Enterprise/Argix10.Membership.Services
		SccAuxPath3 = http://rgxvmdev:8080/tfs/argix10
		SccLocalPath3 = Argix10.Enterprise\\Argix10.Membership.Services
		SccProvider3 = {4CA58AB2-18FA-4F8D-95D4-32DDF27D184C}
		SccProjectEnlistmentChoice3 = 2
		SccWebProject4 = true
		SccProjectUniqueName4 = Argix10.Terminals\\Argix10.Terminals.Services
		SccProjectName4 = Argix10.Terminals/Argix10.Terminals.Services
		SccAuxPath4 = http://rgxvmdev:8080/tfs/argix10
		SccLocalPath4 = Argix10.Terminals\\Argix10.Terminals.Services
		SccProvider4 = {4CA58AB2-18FA-4F8D-95D4-32DDF27D184C}
		SccProjectEnlistmentChoice4 = 2
		SccWebProject5 = true
		SccProjectUniqueName5 = Argix10.HR\\Argix10.IDBadges.Web
		SccProjectName5 = Argix10.HR/Argix10.IDBadges.Web
		SccAuxPath5 = http://rgxvmdev:8080/tfs/argix10
		SccLocalPath5 = Argix10.HR\\Argix10.IDBadges.Web
		SccProvider5 = {4CA58AB2-18FA-4F8D-95D4-32DDF27D184C}
		SccProjectEnlistmentChoice5 = 2
	EndGlobalSection
	GlobalSection(TeamFoundationVersionControl) = preSolution
		SccNumberOfProjects = 5
		SccEnterpriseProvider = {4CA58AB2-18FA-4F8D-95D4-32DDF27D184C}
		SccTeamFoundationServer = http://rgxvmdev:8080/tfs/argix10
		SccWebProject0 = true
		SccProjectUniqueName0 = Argix10.HR\\Argix10.HR.Services
		SccProjectName0 = Argix10.HR/Argix10.HR.Services
		SccAuxPath0 = http://rgxvmdev:8080/tfs/argix10
		SccLocalPath0 = Argix10.HR\\Argix10.HR.Services
		SccProvider0 = {4CA58AB2-18FA-4F8D-95D4-32DDF27D184C}
		SccProjectEnlistmentChoice0 = 2
		SccProjectUniqueName1 = Argix10.HR\\Argix10.IDViewer.Win\\Argix10.SecurityCenter.Win.csproj
		SccProjectName1 = Argix10.HR/Argix10.IDViewer.Win
		SccAuxPath1 = http://rgxvmdev:8080/tfs/argix10
		SccLocalPath1 = Argix10.HR\\Argix10.IDViewer.Win
		SccProvider1 = {4CA58AB2-18FA-4F8D-95D4-32DDF27D184C}
		SccWebProject2 = true
		SccProjectUniqueName2 = Argix10.HR\\Argix10.IDViewer.Web
		SccProjectName2 = Argix10.HR/Argix10.IDViewer.Web
		SccAuxPath2 = http://rgxvmdev:8080/tfs/argix10
		SccLocalPath2 = Argix10.HR\\Argix10.IDViewer.Web
		SccProvider2 = {4CA58AB2-18FA-4F8D-95D4-32DDF27D184C}
		SccProjectEnlistmentChoice2 = 2
		SccWebProject3 = true
		SccProjectUniqueName3 = Argix10.Enterprise\\Argix10.Membership.Services
		SccProjectName3 = Argix10.Enterprise/Argix10.Membership.Services
		SccAuxPath3 = http://rgxvmdev:8080/tfs/argix10
		SccLocalPath3 = Argix10.Enterprise\\Argix10.Membership.Services
		SccProvider3 = {4CA58AB2-18FA-4F8D-95D4-32DDF27D184C}
		SccProjectEnlistmentChoice3 = 2
		SccWebProject4 = true
		SccProjectUniqueName4 = Argix10.Terminals\\Argix10.Terminals.Services
		SccProjectName4 = Argix10.Terminals/Argix10.Terminals.Services
		SccAuxPath4 = http://rgxvmdev:8080/tfs/argix10
		SccLocalPath4 = Argix10.Terminals\\Argix10.Terminals.Services
		SccProvider4 = {4CA58AB2-18FA-4F8D-95D4-32DDF27D184C}
		SccProjectEnlistmentChoice4 = 2
	EndGlobalSection
	GlobalSection(TeamFoundationVersionControl) = preSolution
		SccNumberOfProjects = 5
		SccEnterpriseProvider = {4CA58AB2-18FA-4F8D-95D4-32DDF27D184C}
		SccTeamFoundationServer = http://rgxvmdev:8080/tfs/argix10
		SccWebProject0 = true
		SccProjectUniqueName0 = Argix10.HR\\Argix10.HR.Services
		SccProjectName0 = Argix10.HR/Argix10.HR.Services
		SccAuxPath0 = http://rgxvmdev:8080/tfs/argix10
		SccLocalPath0 = Argix10.HR\\Argix10.HR.Services
		SccProvider0 = {4CA58AB2-18FA-4F8D-95D4-32DDF27D184C}
		SccProjectEnlistmentChoice0 = 2
		SccProjectUniqueName1 = Argix10.HR\\Argix10.IDViewer.Win\\Argix10.SecurityCenter.Win.csproj
		SccProjectName1 = Argix10.HR/Argix10.IDViewer.Win
		SccAuxPath1 = http://rgxvmdev:8080/tfs/argix10
		SccLocalPath1 = Argix10.HR\\Argix10.IDViewer.Win
		SccProvider1 = {4CA58AB2-18FA-4F8D-95D4-32DDF27D184C}
		SccWebProject2 = true
		SccProjectUniqueName2 = Argix10.HR\\Argix10.IDViewer.Web
		SccProjectName2 = Argix10.HR/Argix10.IDViewer.Web
		SccAuxPath2 = http://rgxvmdev:8080/tfs/argix10
		SccLocalPath2 = Argix10.HR\\Argix10.IDViewer.Web
		SccProvider2 = {4CA58AB2-18FA-4F8D-95D4-32DDF27D184C}
		SccProjectEnlistmentChoice2 = 2
		SccWebProject3 = true
		SccProjectUniqueName3 = Argix10.Enterprise\\Argix10.Membership.Services
		SccProjectName3 = Argix10.Enterprise/Argix10.Membership.Services
		SccAuxPath3 = http://rgxvmdev:8080/tfs/argix10
		SccLocalPath3 = Argix10.Enterprise\\Argix10.Membership.Services
		SccProvider3 = {4CA58AB2-18FA-4F8D-95D4-32DDF27D184C}
		SccProjectEnlistmentChoice3 = 2
		SccWebProject4 = true
		SccProjectUniqueName4 = Argix10.Terminals\\Argix10.Terminals.Services
		SccProjectName4 = Argix10.Terminals/Argix10.Terminals.Services
		SccAuxPath4 = http://rgxvmdev:8080/tfs/argix10
		SccLocalPath4 = Argix10.Terminals\\Argix10.Terminals.Services
		SccProvider4 = {4CA58AB2-18FA-4F8D-95D4-32DDF27D184C}
		SccProjectEnlistmentChoice4 = 2
	EndGlobalSection
	GlobalSection(TeamFoundationVersionControl) = preSolution
		SccNumberOfProjects = 5
		SccEnterpriseProvider = {4CA58AB2-18FA-4F8D-95D4-32DDF27D184C}
		SccTeamFoundationServer = http://rgxvmdev:8080/tfs/argix10
		SccWebProject0 = true
		SccProjectUniqueName0 = Argix10.HR\\Argix10.HR.Services
		SccProjectName0 = Argix10.HR/Argix10.HR.Services
		SccAuxPath0 = http://rgxvmdev:8080/tfs/argix10
		SccLocalPath0 = Argix10.HR\\Argix10.HR.Services
		SccProvider0 = {4CA58AB2-18FA-4F8D-95D4-32DDF27D184C}
		SccProjectEnlistmentChoice0 = 2
		SccProjectUniqueName1 = Argix10.HR\\Argix10.IDViewer.Win\\Argix10.SecurityCenter.Win.csproj
		SccProjectName1 = Argix10.HR/Argix10.IDViewer.Win
		SccAuxPath1 = http://rgxvmdev:8080/tfs/argix10
		SccLocalPath1 = Argix10.HR\\Argix10.IDViewer.Win
		SccProvider1 = {4CA58AB2-18FA-4F8D-95D4-32DDF27D184C}
		SccWebProject2 = true
		SccProjectUniqueName2 = Argix10.HR\\Argix10.IDViewer.Web
		SccProjectName2 = Argix10.HR/Argix10.IDViewer.Web
		SccAuxPath2 = http://rgxvmdev:8080/tfs/argix10
		SccLocalPath2 = Argix10.HR\\Argix10.IDViewer.Web
		SccProvider2 = {4CA58AB2-18FA-4F8D-95D4-32DDF27D184C}
		SccProjectEnlistmentChoice2 = 2
		SccWebProject3 = true
		SccProjectUniqueName3 = Argix10.Enterprise\\Argix10.Membership.Services
		SccProjectName3 = Argix10.Enterprise/Argix10.Membership.Services
		SccAuxPath3 = http://rgxvmdev:8080/tfs/argix10
		SccLocalPath3 = Argix10.Enterprise\\Argix10.Membership.Services
		SccProvider3 = {4CA58AB2-18FA-4F8D-95D4-32DDF27D184C}
		SccProjectEnlistmentChoice3 = 2
		SccWebProject4 = true
		SccProjectUniqueName4 = Argix10.Terminals\\Argix10.Terminals.Services
		SccProjectName4 = Argix10.Terminals/Argix10.Terminals.Services
		SccAuxPath4 = http://rgxvmdev:8080/tfs/argix10
		SccLocalPath4 = Argix10.Terminals\\Argix10.Terminals.Services
		SccProvider4 = {4CA58AB2-18FA-4F8D-95D4-32DDF27D184C}
		SccProjectEnlistmentChoice4 = 2
	EndGlobalSection
	GlobalSection(TeamFoundationVersionControl) = preSolution
		SccNumberOfProjects = 5
		SccEnterpriseProvider = {4CA58AB2-18FA-4F8D-95D4-32DDF27D184C}
		SccTeamFoundationServer = http://rgxvmdev:8080/tfs/argix10
		SccWebProject0 = true
		SccProjectUniqueName0 = Argix10.HR\\Argix10.HR.Services
		SccProjectName0 = Argix10.HR/Argix10.HR.Services
		SccAuxPath0 = http://rgxvmdev:8080/tfs/argix10
		SccLocalPath0 = Argix10.HR\\Argix10.HR.Services
		SccProvider0 = {4CA58AB2-18FA-4F8D-95D4-32DDF27D184C}
		SccProjectEnlistmentChoice0 = 2
		SccProjectUniqueName1 = Argix10.HR\\Argix10.IDViewer.Win\\Argix10.SecurityCenter.Win.csproj
		SccProjectName1 = Argix10.HR/Argix10.IDViewer.Win
		SccAuxPath1 = http://rgxvmdev:8080/tfs/argix10
		SccLocalPath1 = Argix10.HR\\Argix10.IDViewer.Win
		SccProvider1 = {4CA58AB2-18FA-4F8D-95D4-32DDF27D184C}
		SccWebProject2 = true
		SccProjectUniqueName2 = Argix10.HR\\Argix10.IDViewer.Web
		SccProjectName2 = Argix10.HR/Argix10.IDViewer.Web
		SccAuxPath2 = http://rgxvmdev:8080/tfs/argix10
		SccLocalPath2 = Argix10.HR\\Argix10.IDViewer.Web
		SccProvider2 = {4CA58AB2-18FA-4F8D-95D4-32DDF27D184C}
		SccProjectEnlistmentChoice2 = 2
		SccWebProject3 = true
		SccProjectUniqueName3 = Argix10.Enterprise\\Argix10.Membership.Services
		SccProjectName3 = Argix10.Enterprise/Argix10.Membership.Services
		SccAuxPath3 = http://rgxvmdev:8080/tfs/argix10
		SccLocalPath3 = Argix10.Enterprise\\Argix10.Membership.Services
		SccProvider3 = {4CA58AB2-18FA-4F8D-95D4-32DDF27D184C}
		SccProjectEnlistmentChoice3 = 2
		SccWebProject4 = true
		SccProjectUniqueName4 = Argix10.Terminals\\Argix10.Terminals.Services
		SccProjectName4 = Argix10.Terminals/Argix10.Terminals.Services
		SccAuxPath4 = http://rgxvmdev:8080/tfs/argix10
		SccLocalPath4 = Argix10.Terminals\\Argix10.Terminals.Services
		SccProvider4 = {4CA58AB2-18FA-4F8D-95D4-32DDF27D184C}
		SccProjectEnlistmentChoice4 = 2
	EndGlobalSection
	GlobalSection(TeamFoundationVersionControl) = preSolution
		SccNumberOfProjects = 3
		SccEnterpriseProvider = {4CA58AB2-18FA-4F8D-95D4-32DDF27D184C}
		SccTeamFoundationServer = http://rgxvmdev:8080/tfs/argix10
		SccProjectUniqueName0 = Argix10.HR\\Argix10.IDViewer.Win\\Argix10.IDViewer.Win.csproj
		SccProjectName0 = Argix10.HR/Argix10.IDViewer.Win
		SccAuxPath0 = http://rgxvmdev:8080/tfs/argix10
		SccLocalPath0 = Argix10.HR\\Argix10.IDViewer.Win
		SccProvider0 = {4CA58AB2-18FA-4F8D-95D4-32DDF27D184C}
		SccWebProject1 = true
		SccProjectUniqueName1 = Argix10.HR\\Argix10.HR.Services
		SccProjectName1 = Argix10.HR/Argix10.HR.Services
		SccAuxPath1 = http://rgxvmdev:8080/tfs/argix10
		SccLocalPath1 = Argix10.HR\\Argix10.HR.Services
		SccProvider1 = {4CA58AB2-18FA-4F8D-95D4-32DDF27D184C}
		SccProjectEnlistmentChoice1 = 2
		SccWebProject2 = true
		SccProjectUniqueName2 = Argix10.HR\\Argix10.IDViewer.Web
		SccProjectName2 = Argix10.HR/Argix10.IDViewer.Web
		SccAuxPath2 = http://rgxvmdev:8080/tfs/argix10
		SccLocalPath2 = Argix10.HR\\Argix10.IDViewer.Web
		SccProvider2 = {4CA58AB2-18FA-4F8D-95D4-32DDF27D184C}
		SccProjectEnlistmentChoice2 = 2
	EndGlobalSection
	GlobalSection(TeamFoundationVersionControl) = preSolution
		SccNumberOfProjects = 4
		SccEnterpriseProvider = {4CA58AB2-18FA-4F8D-95D4-32DDF27D184C}
		SccTeamFoundationServer = http://rgxvmdev:8080/tfs/argix10
		SccWebProject0 = true
		SccProjectUniqueName0 = Argix10.HR\\Argix10.HR.Services
		SccProjectName0 = Argix10.HR/Argix10.HR.Services
		SccAuxPath0 = http://rgxvmdev:8080/tfs/argix10
		SccLocalPath0 = Argix10.HR\\Argix10.HR.Services
		SccProvider0 = {4CA58AB2-18FA-4F8D-95D4-32DDF27D184C}
		SccProjectEnlistmentChoice0 = 2
		SccProjectUniqueName1 = Argix10.HR\\Argix10.IDViewer.Win\\Argix10.SecurityCenter.Win.csproj
		SccProjectName1 = Argix10.HR/Argix10.IDViewer.Win
		SccAuxPath1 = http://rgxvmdev:8080/tfs/argix10
		SccLocalPath1 = Argix10.HR\\Argix10.IDViewer.Win
		SccProvider1 = {4CA58AB2-18FA-4F8D-95D4-32DDF27D184C}
		SccWebProject2 = true
		SccProjectUniqueName2 = Argix10.HR\\Argix10.IDViewer.Web
		SccProjectName2 = Argix10.HR/Argix10.IDViewer.Web
		SccAuxPath2 = http://rgxvmdev:8080/tfs/argix10
		SccLocalPath2 = Argix10.HR\\Argix10.IDViewer.Web
		SccProvider2 = {4CA58AB2-18FA-4F8D-95D4-32DDF27D184C}
		SccProjectEnlistmentChoice2 = 2
		SccWebProject3 = true
		SccProjectUniqueName3 = Argix10.Enterprise\\Argix10.Membership.Services
		SccProjectName3 = Argix10.Enterprise/Argix10.Membership.Services
		SccAuxPath3 = http://rgxvmdev:8080/tfs/argix10
		SccLocalPath3 = Argix10.Enterprise\\Argix10.Membership.Services
		SccProvider3 = {4CA58AB2-18FA-4F8D-95D4-32DDF27D184C}
		SccProjectEnlistmentChoice3 = 2
	EndGlobalSection
	GlobalSection(TeamFoundationVersionControl) = preSolution
		SccNumberOfProjects = 4
		SccEnterpriseProvider = {4CA58AB2-18FA-4F8D-95D4-32DDF27D184C}
		SccTeamFoundationServer = http://rgxvmdev:8080/tfs/argix10
		SccWebProject0 = true
		SccProjectUniqueName0 = Argix10.HR\\Argix10.HR.Services
		SccProjectName0 = Argix10.HR/Argix10.HR.Services
		SccAuxPath0 = http://rgxvmdev:8080/tfs/argix10
		SccLocalPath0 = Argix10.HR\\Argix10.HR.Services
		SccProvider0 = {4CA58AB2-18FA-4F8D-95D4-32DDF27D184C}
		SccProjectEnlistmentChoice0 = 2
		SccProjectUniqueName1 = Argix10.HR\\Argix10.IDViewer.Win\\Argix10.SecurityCenter.Win.csproj
		SccProjectName1 = Argix10.HR/Argix10.IDViewer.Win
		SccAuxPath1 = http://rgxvmdev:8080/tfs/argix10
		SccLocalPath1 = Argix10.HR\\Argix10.IDViewer.Win
		SccProvider1 = {4CA58AB2-18FA-4F8D-95D4-32DDF27D184C}
		SccWebProject2 = true
		SccProjectUniqueName2 = Argix10.HR\\Argix10.IDViewer.Web
		SccProjectName2 = Argix10.HR/Argix10.IDViewer.Web
		SccAuxPath2 = http://rgxvmdev:8080/tfs/argix10
		SccLocalPath2 = Argix10.HR\\Argix10.IDViewer.Web
		SccProvider2 = {4CA58AB2-18FA-4F8D-95D4-32DDF27D184C}
		SccProjectEnlistmentChoice2 = 2
		SccWebProject3 = true
		SccProjectUniqueName3 = Argix10.Enterprise\\Argix10.Membership.Services
		SccProjectName3 = Argix10.Enterprise/Argix10.Membership.Services
		SccAuxPath3 = http://rgxvmdev:8080/tfs/argix10
		SccLocalPath3 = Argix10.Enterprise\\Argix10.Membership.Services
		SccProvider3 = {4CA58AB2-18FA-4F8D-95D4-32DDF27D184C}
		SccProjectEnlistmentChoice3 = 2
	EndGlobalSection
	GlobalSection(TeamFoundationVersionControl) = preSolution
		SccNumberOfProjects = 3
		SccEnterpriseProvider = {4CA58AB2-18FA-4F8D-95D4-32DDF27D184C}
		SccTeamFoundationServer = http://rgxvmdev:8080/tfs/argix10
		SccWebProject0 = true
		SccProjectUniqueName0 = Argix10.HR\\Argix10.HR.Services
		SccProjectName0 = Argix10.HR/Argix10.HR.Services
		SccAuxPath0 = http://rgxvmdev:8080/tfs/argix10
		SccLocalPath0 = Argix10.HR\\Argix10.HR.Services
		SccProvider0 = {4CA58AB2-18FA-4F8D-95D4-32DDF27D184C}
		SccProjectEnlistmentChoice0 = 2
		SccWebProject1 = true
		SccProjectUniqueName1 = Argix10.HR\\Argix10.IDViewer.Web
		SccProjectName1 = Argix10.HR/Argix10.IDViewer.Web
		SccAuxPath1 = http://rgxvmdev:8080/tfs/argix10
		SccLocalPath1 = Argix10.HR\\Argix10.IDViewer.Web
		SccProvider1 = {4CA58AB2-18FA-4F8D-95D4-32DDF27D184C}
		SccProjectEnlistmentChoice1 = 2
		SccProjectUniqueName2 = Argix10.HR\\Argix10.IDViewer.Win\\Argix10.SecurityCenter.Win.csproj
		SccProjectName2 = Argix10.HR/Argix10.IDViewer.Win
		SccAuxPath2 = http://rgxvmdev:8080/tfs/argix10
		SccLocalPath2 = Argix10.HR\\Argix10.IDViewer.Win
		SccProvider2 = {4CA58AB2-18FA-4F8D-95D4-32DDF27D184C}
	EndGlobalSection
	GlobalSection(TeamFoundationVersionControl) = preSolution
		SccNumberOfProjects = 3
		SccEnterpriseProvider = {4CA58AB2-18FA-4F8D-95D4-32DDF27D184C}
		SccTeamFoundationServer = http://rgxvmdev:8080/tfs/argix10
		SccProjectUniqueName0 = Argix10.HR\\Argix10.IDViewer.Win\\Argix10.IDViewer.Win.csproj
		SccProjectName0 = Argix10.HR/Argix10.IDViewer.Win
		SccAuxPath0 = http://rgxvmdev:8080/tfs/argix10
		SccLocalPath0 = Argix10.HR\\Argix10.IDViewer.Win
		SccProvider0 = {4CA58AB2-18FA-4F8D-95D4-32DDF27D184C}
		SccWebProject1 = true
		SccProjectUniqueName1 = Argix10.HR\\Argix10.HR.Services
		SccProjectName1 = Argix10.HR/Argix10.HR.Services
		SccAuxPath1 = http://rgxvmdev:8080/tfs/argix10
		SccLocalPath1 = Argix10.HR\\Argix10.HR.Services
		SccProvider1 = {4CA58AB2-18FA-4F8D-95D4-32DDF27D184C}
		SccProjectEnlistmentChoice1 = 2
		SccWebProject2 = true
		SccProjectUniqueName2 = Argix10.HR\\Argix10.IDViewer.Web
		SccProjectName2 = Argix10.HR/Argix10.IDViewer.Web
		SccAuxPath2 = http://rgxvmdev:8080/tfs/argix10
		SccLocalPath2 = Argix10.HR\\Argix10.IDViewer.Web
		SccProvider2 = {4CA58AB2-18FA-4F8D-95D4-32DDF27D184C}
		SccProjectEnlistmentChoice2 = 2
	EndGlobalSection
	GlobalSection(TeamFoundationVersionControl) = preSolution
		SccNumberOfProjects = 3
		SccEnterpriseProvider = {4CA58AB2-18FA-4F8D-95D4-32DDF27D184C}
		SccTeamFoundationServer = http://rgxvmdev:8080/tfs/argix10
		SccProjectUniqueName0 = Argix10.HR\\Argix10.IDViewer.Win\\Argix10.IDViewer.Win.csproj
		SccProjectName0 = Argix10.HR/Argix10.IDViewer.Win
		SccAuxPath0 = http://rgxvmdev:8080/tfs/argix10
		SccLocalPath0 = Argix10.HR\\Argix10.IDViewer.Win
		SccProvider0 = {4CA58AB2-18FA-4F8D-95D4-32DDF27D184C}
		SccWebProject1 = true
		SccProjectUniqueName1 = Argix10.HR\\Argix10.HR.Services
		SccProjectName1 = Argix10.HR/Argix10.HR.Services
		SccAuxPath1 = http://rgxvmdev:8080/tfs/argix10
		SccLocalPath1 = Argix10.HR\\Argix10.HR.Services
		SccProvider1 = {4CA58AB2-18FA-4F8D-95D4-32DDF27D184C}
		SccProjectEnlistmentChoice1 = 2
		SccWebProject2 = true
		SccProjectUniqueName2 = Argix10.HR\\Argix10.IDViewer.Web
		SccProjectName2 = Argix10.HR/Argix10.IDViewer.Web
		SccAuxPath2 = http://rgxvmdev:8080/tfs/argix10
		SccLocalPath2 = Argix10.HR\\Argix10.IDViewer.Web
		SccProvider2 = {4CA58AB2-18FA-4F8D-95D4-32DDF27D184C}
		SccProjectEnlistmentChoice2 = 2
	EndGlobalSection
	GlobalSection(TeamFoundationVersionControl) = preSolution
		SccNumberOfProjects = 3
		SccEnterpriseProvider = {4CA58AB2-18FA-4F8D-95D4-32DDF27D184C}
		SccTeamFoundationServer = http://rgxvmdev:8080/tfs/argix10
		SccProjectUniqueName0 = Argix10.HR\\Argix10.IDViewer.Win\\Argix10.IDViewer.Win.csproj
		SccProjectName0 = Argix10.HR/Argix10.IDViewer.Win
		SccAuxPath0 = http://rgxvmdev:8080/tfs/argix10
		SccLocalPath0 = Argix10.HR\\Argix10.IDViewer.Win
		SccProvider0 = {4CA58AB2-18FA-4F8D-95D4-32DDF27D184C}
		SccWebProject1 = true
		SccProjectUniqueName1 = Argix10.HR\\Argix10.HR.Services
		SccProjectName1 = Argix10.HR/Argix10.HR.Services
		SccAuxPath1 = http://rgxvmdev:8080/tfs/argix10
		SccLocalPath1 = Argix10.HR\\Argix10.HR.Services
		SccProvider1 = {4CA58AB2-18FA-4F8D-95D4-32DDF27D184C}
		SccProjectEnlistmentChoice1 = 2
		SccWebProject2 = true
		SccProjectUniqueName2 = Argix10.HR\\Argix10.IDViewer.Web
		SccProjectName2 = Argix10.HR/Argix10.IDViewer.Web
		SccAuxPath2 = http://rgxvmdev:8080/tfs/argix10
		SccLocalPath2 = Argix10.HR\\Argix10.IDViewer.Web
		SccProvider2 = {4CA58AB2-18FA-4F8D-95D4-32DDF27D184C}
		SccProjectEnlistmentChoice2 = 2
	EndGlobalSection
EndGlobal
